
Microsoft Visual Studio Solution File, Format Version 12.00
# Visual Studio Version 16
VisualStudioVersion = 16.0.29306.81
MinimumVisualStudioVersion = 10.0.40219.1
Project("{8BC9CEB8-8B4A-11D0-8D11-00A0C91BC942}") = "A", "A\A.vcxproj", "{F030E6F8-469A-4826-B85D-3DAF58E439F3}"
EndProject
Project("{8BC9CEB8-8B4A-11D0-8D11-00A0C91BC942}") = "B", "B\B.vcxproj", "{DBFCDCBF-194B-4253-938D-5E5D96B1666E}"
EndProject
Project("{8BC9CEB8-8B4A-11D0-8D11-00A0C91BC942}") = "C", "C\C.vcxproj", "{5D991B01-6967-4764-8C9F-4C8DE60881A3}"
EndProject
Project("{8BC9CEB8-8B4A-11D0-8D11-00A0C91BC942}") = "D", "D\D.vcxproj", "{EA14ADA0-BE96-41E8-9E7E-08C44BC00E63}"
EndProject
Project("{8BC9CEB8-8B4A-11D0-8D11-00A0C91BC942}") = "E", "E\E.vcxproj", "{31560F00-E533-4A4B-AB89-10492A7BD48F}"
EndProject
Project("{8BC9CEB8-8B4A-11D0-8D11-00A0C91BC942}") = "F", "F\F.vcxproj", "{DBA7E64D-97B6-44BD-BC3E-125E07C58635}"
EndProject
Project("{8BC9CEB8-8B4A-11D0-8D11-00A0C91BC942}") = "template", "template\template.vcxproj", "{2E5E7BBF-B8AD-4EF4-B985-AB553B05982A}"
EndProject
Global
	GlobalSection(SolutionConfigurationPlatforms) = preSolution
		Debug|x64 = Debug|x64
		Debug|x86 = Debug|x86
		Release|x64 = Release|x64
		Release|x86 = Release|x86
	EndGlobalSection
	GlobalSection(ProjectConfigurationPlatforms) = postSolution
		{F030E6F8-469A-4826-B85D-3DAF58E439F3}.Debug|x64.ActiveCfg = Debug|x64
		{F030E6F8-469A-4826-B85D-3DAF58E439F3}.Debug|x64.Build.0 = Debug|x64
		{F030E6F8-469A-4826-B85D-3DAF58E439F3}.Debug|x86.ActiveCfg = Debug|Win32
		{F030E6F8-469A-4826-B85D-3DAF58E439F3}.Debug|x86.Build.0 = Debug|Win32
		{F030E6F8-469A-4826-B85D-3DAF58E439F3}.Release|x64.ActiveCfg = Release|x64
		{F030E6F8-469A-4826-B85D-3DAF58E439F3}.Release|x64.Build.0 = Release|x64
		{F030E6F8-469A-4826-B85D-3DAF58E439F3}.Release|x86.ActiveCfg = Release|Win32
		{F030E6F8-469A-4826-B85D-3DAF58E439F3}.Release|x86.Build.0 = Release|Win32
		{DBFCDCBF-194B-4253-938D-5E5D96B1666E}.Debug|x64.ActiveCfg = Debug|x64
		{DBFCDCBF-194B-4253-938D-5E5D96B1666E}.Debug|x64.Build.0 = Debug|x64
		{DBFCDCBF-194B-4253-938D-5E5D96B1666E}.Debug|x86.ActiveCfg = Debug|Win32
		{DBFCDCBF-194B-4253-938D-5E5D96B1666E}.Debug|x86.Build.0 = Debug|Win32
		{DBFCDCBF-194B-4253-938D-5E5D96B1666E}.Release|x64.ActiveCfg = Release|x64
		{DBFCDCBF-194B-4253-938D-5E5D96B1666E}.Release|x64.Build.0 = Release|x64
		{DBFCDCBF-194B-4253-938D-5E5D96B1666E}.Release|x86.ActiveCfg = Release|Win32
		{DBFCDCBF-194B-4253-938D-5E5D96B1666E}.Release|x86.Build.0 = Release|Win32
		{5D991B01-6967-4764-8C9F-4C8DE60881A3}.Debug|x64.ActiveCfg = Debug|x64
		{5D991B01-6967-4764-8C9F-4C8DE60881A3}.Debug|x64.Build.0 = Debug|x64
		{5D991B01-6967-4764-8C9F-4C8DE60881A3}.Debug|x86.ActiveCfg = Debug|Win32
		{5D991B01-6967-4764-8C9F-4C8DE60881A3}.Debug|x86.Build.0 = Debug|Win32
		{5D991B01-6967-4764-8C9F-4C8DE60881A3}.Release|x64.ActiveCfg = Release|x64
		{5D991B01-6967-4764-8C9F-4C8DE60881A3}.Release|x64.Build.0 = Release|x64
		{5D991B01-6967-4764-8C9F-4C8DE60881A3}.Release|x86.ActiveCfg = Release|Win32
		{5D991B01-6967-4764-8C9F-4C8DE60881A3}.Release|x86.Build.0 = Release|Win32
		{EA14ADA0-BE96-41E8-9E7E-08C44BC00E63}.Debug|x64.ActiveCfg = Debug|x64
		{EA14ADA0-BE96-41E8-9E7E-08C44BC00E63}.Debug|x64.Build.0 = Debug|x64
		{EA14ADA0-BE96-41E8-9E7E-08C44BC00E63}.Debug|x86.ActiveCfg = Debug|Win32
		{EA14ADA0-BE96-41E8-9E7E-08C44BC00E63}.Debug|x86.Build.0 = Debug|Win32
		{EA14ADA0-BE96-41E8-9E7E-08C44BC00E63}.Release|x64.ActiveCfg = Release|x64
		{EA14ADA0-BE96-41E8-9E7E-08C44BC00E63}.Release|x64.Build.0 = Release|x64
		{EA14ADA0-BE96-41E8-9E7E-08C44BC00E63}.Release|x86.ActiveCfg = Release|Win32
		{EA14ADA0-BE96-41E8-9E7E-08C44BC00E63}.Release|x86.Build.0 = Release|Win32
		{31560F00-E533-4A4B-AB89-10492A7BD48F}.Debug|x64.ActiveCfg = Debug|x64
		{31560F00-E533-4A4B-AB89-10492A7BD48F}.Debug|x64.Build.0 = Debug|x64
		{31560F00-E533-4A4B-AB89-10492A7BD48F}.Debug|x86.ActiveCfg = Debug|Win32
		{31560F00-E533-4A4B-AB89-10492A7BD48F}.Debug|x86.Build.0 = Debug|Win32
		{31560F00-E533-4A4B-AB89-10492A7BD48F}.Release|x64.ActiveCfg = Release|x64
		{31560F00-E533-4A4B-AB89-10492A7BD48F}.Release|x64.Build.0 = Release|x64
		{31560F00-E533-4A4B-AB89-10492A7BD48F}.Release|x86.ActiveCfg = Release|Win32
		{31560F00-E533-4A4B-AB89-10492A7BD48F}.Release|x86.Build.0 = Release|Win32
		{DBA7E64D-97B6-44BD-BC3E-125E07C58635}.Debug|x64.ActiveCfg = Debug|x64
		{DBA7E64D-97B6-44BD-BC3E-125E07C58635}.Debug|x64.Build.0 = Debug|x64
		{DBA7E64D-97B6-44BD-BC3E-125E07C58635}.Debug|x86.ActiveCfg = Debug|Win32
		{DBA7E64D-97B6-44BD-BC3E-125E07C58635}.Debug|x86.Build.0 = Debug|Win32
		{DBA7E64D-97B6-44BD-BC3E-125E07C58635}.Release|x64.ActiveCfg = Release|x64
		{DBA7E64D-97B6-44BD-BC3E-125E07C58635}.Release|x64.Build.0 = Release|x64
		{DBA7E64D-97B6-44BD-BC3E-125E07C58635}.Release|x86.ActiveCfg = Release|Win32
		{DBA7E64D-97B6-44BD-BC3E-125E07C58635}.Release|x86.Build.0 = Release|Win32
		{2E5E7BBF-B8AD-4EF4-B985-AB553B05982A}.Debug|x64.ActiveCfg = Debug|x64
		{2E5E7BBF-B8AD-4EF4-B985-AB553B05982A}.Debug|x64.Build.0 = Debug|x64
		{2E5E7BBF-B8AD-4EF4-B985-AB553B05982A}.Debug|x86.ActiveCfg = Debug|Win32
		{2E5E7BBF-B8AD-4EF4-B985-AB553B05982A}.Debug|x86.Build.0 = Debug|Win32
		{2E5E7BBF-B8AD-4EF4-B985-AB553B05982A}.Release|x64.ActiveCfg = Release|x64
		{2E5E7BBF-B8AD-4EF4-B985-AB553B05982A}.Release|x64.Build.0 = Release|x64
		{2E5E7BBF-B8AD-4EF4-B985-AB553B05982A}.Release|x86.ActiveCfg = Release|Win32
		{2E5E7BBF-B8AD-4EF4-B985-AB553B05982A}.Release|x86.Build.0 = Release|Win32
	EndGlobalSection
	GlobalSection(SolutionProperties) = preSolution
		HideSolutionNode = FALSE
	EndGlobalSection
	GlobalSection(ExtensibilityGlobals) = postSolution
		SolutionGuid = {0EF12BFF-8AAA-4B82-A9C9-CFE73F570D64}
	EndGlobalSection
EndGlobal
