
Microsoft Visual Studio Solution File, Format Version 12.00
# Visual Studio Version 16
VisualStudioVersion = 16.0.29230.47
MinimumVisualStudioVersion = 10.0.40219.1
Project("{8BC9CEB8-8B4A-11D0-8D11-00A0C91BC942}") = "ABC084", "ABC084.vcxproj", "{CE8BFF58-04C5-4869-9054-DE9BD6B1AA84}"
EndProject
Global
	GlobalSection(SolutionConfigurationPlatforms) = preSolution
		Debug|x64 = Debug|x64
		Debug|x86 = Debug|x86
		Release|x64 = Release|x64
		Release|x86 = Release|x86
	EndGlobalSection
	GlobalSection(ProjectConfigurationPlatforms) = postSolution
		{CE8BFF58-04C5-4869-9054-DE9BD6B1AA84}.Debug|x64.ActiveCfg = Debug|x64
		{CE8BFF58-04C5-4869-9054-DE9BD6B1AA84}.Debug|x64.Build.0 = Debug|x64
		{CE8BFF58-04C5-4869-9054-DE9BD6B1AA84}.Debug|x86.ActiveCfg = Debug|Win32
		{CE8BFF58-04C5-4869-9054-DE9BD6B1AA84}.Debug|x86.Build.0 = Debug|Win32
		{CE8BFF58-04C5-4869-9054-DE9BD6B1AA84}.Release|x64.ActiveCfg = Release|x64
		{CE8BFF58-04C5-4869-9054-DE9BD6B1AA84}.Release|x64.Build.0 = Release|x64
		{CE8BFF58-04C5-4869-9054-DE9BD6B1AA84}.Release|x86.ActiveCfg = Release|Win32
		{CE8BFF58-04C5-4869-9054-DE9BD6B1AA84}.Release|x86.Build.0 = Release|Win32
	EndGlobalSection
	GlobalSection(SolutionProperties) = preSolution
		HideSolutionNode = FALSE
	EndGlobalSection
	GlobalSection(ExtensibilityGlobals) = postSolution
		SolutionGuid = {B17A9193-AF79-4EF3-A7BD-B6149D484895}
	EndGlobalSection
EndGlobal
