
Microsoft Visual Studio Solution File, Format Version 12.00
# Visual Studio Version 16
VisualStudioVersion = 16.0.29230.47
MinimumVisualStudioVersion = 10.0.40219.1
Project("{8BC9CEB8-8B4A-11D0-8D11-00A0C91BC942}") = "template", "template.vcxproj", "{00AF30CA-F2DD-4D44-8B88-948F7CD43978}"
EndProject
Project("{8BC9CEB8-8B4A-11D0-8D11-00A0C91BC942}") = "A", "A\A.vcxproj", "{CDC50100-E854-43E8-89EE-7616C12BE0B9}"
EndProject
Project("{8BC9CEB8-8B4A-11D0-8D11-00A0C91BC942}") = "B", "B\B.vcxproj", "{48E3988B-AB2B-4855-82C6-E3F126A63643}"
EndProject
Project("{8BC9CEB8-8B4A-11D0-8D11-00A0C91BC942}") = "C", "C\C.vcxproj", "{06520098-2480-4826-9D8A-FBC8B8467755}"
EndProject
Project("{8BC9CEB8-8B4A-11D0-8D11-00A0C91BC942}") = "D", "D\D.vcxproj", "{5F68A0CB-50E2-4E3A-9281-9B5B3ABEE2A7}"
EndProject
Project("{8BC9CEB8-8B4A-11D0-8D11-00A0C91BC942}") = "E", "E\E.vcxproj", "{2E63B0CC-B819-4F8C-A5A4-500FBBF2A572}"
EndProject
Project("{8BC9CEB8-8B4A-11D0-8D11-00A0C91BC942}") = "F", "F\F.vcxproj", "{FBE3E7FF-3A5D-4461-B25E-8E53C075C256}"
EndProject
Global
	GlobalSection(SolutionConfigurationPlatforms) = preSolution
		Debug|x64 = Debug|x64
		Debug|x86 = Debug|x86
		Release|x64 = Release|x64
		Release|x86 = Release|x86
	EndGlobalSection
	GlobalSection(ProjectConfigurationPlatforms) = postSolution
		{00AF30CA-F2DD-4D44-8B88-948F7CD43978}.Debug|x64.ActiveCfg = Debug|x64
		{00AF30CA-F2DD-4D44-8B88-948F7CD43978}.Debug|x64.Build.0 = Debug|x64
		{00AF30CA-F2DD-4D44-8B88-948F7CD43978}.Debug|x86.ActiveCfg = Debug|Win32
		{00AF30CA-F2DD-4D44-8B88-948F7CD43978}.Release|x64.ActiveCfg = Release|x64
		{00AF30CA-F2DD-4D44-8B88-948F7CD43978}.Release|x64.Build.0 = Release|x64
		{00AF30CA-F2DD-4D44-8B88-948F7CD43978}.Release|x86.ActiveCfg = Release|Win32
		{00AF30CA-F2DD-4D44-8B88-948F7CD43978}.Release|x86.Build.0 = Release|Win32
		{CDC50100-E854-43E8-89EE-7616C12BE0B9}.Debug|x64.ActiveCfg = Debug|x64
		{CDC50100-E854-43E8-89EE-7616C12BE0B9}.Debug|x64.Build.0 = Debug|x64
		{CDC50100-E854-43E8-89EE-7616C12BE0B9}.Debug|x86.ActiveCfg = Debug|Win32
		{CDC50100-E854-43E8-89EE-7616C12BE0B9}.Debug|x86.Build.0 = Debug|Win32
		{CDC50100-E854-43E8-89EE-7616C12BE0B9}.Release|x64.ActiveCfg = Release|x64
		{CDC50100-E854-43E8-89EE-7616C12BE0B9}.Release|x64.Build.0 = Release|x64
		{CDC50100-E854-43E8-89EE-7616C12BE0B9}.Release|x86.ActiveCfg = Release|Win32
		{CDC50100-E854-43E8-89EE-7616C12BE0B9}.Release|x86.Build.0 = Release|Win32
		{48E3988B-AB2B-4855-82C6-E3F126A63643}.Debug|x64.ActiveCfg = Debug|x64
		{48E3988B-AB2B-4855-82C6-E3F126A63643}.Debug|x64.Build.0 = Debug|x64
		{48E3988B-AB2B-4855-82C6-E3F126A63643}.Debug|x86.ActiveCfg = Debug|Win32
		{48E3988B-AB2B-4855-82C6-E3F126A63643}.Debug|x86.Build.0 = Debug|Win32
		{48E3988B-AB2B-4855-82C6-E3F126A63643}.Release|x64.ActiveCfg = Release|x64
		{48E3988B-AB2B-4855-82C6-E3F126A63643}.Release|x64.Build.0 = Release|x64
		{48E3988B-AB2B-4855-82C6-E3F126A63643}.Release|x86.ActiveCfg = Release|Win32
		{48E3988B-AB2B-4855-82C6-E3F126A63643}.Release|x86.Build.0 = Release|Win32
		{06520098-2480-4826-9D8A-FBC8B8467755}.Debug|x64.ActiveCfg = Debug|x64
		{06520098-2480-4826-9D8A-FBC8B8467755}.Debug|x64.Build.0 = Debug|x64
		{06520098-2480-4826-9D8A-FBC8B8467755}.Debug|x86.ActiveCfg = Debug|Win32
		{06520098-2480-4826-9D8A-FBC8B8467755}.Debug|x86.Build.0 = Debug|Win32
		{06520098-2480-4826-9D8A-FBC8B8467755}.Release|x64.ActiveCfg = Release|x64
		{06520098-2480-4826-9D8A-FBC8B8467755}.Release|x64.Build.0 = Release|x64
		{06520098-2480-4826-9D8A-FBC8B8467755}.Release|x86.ActiveCfg = Release|Win32
		{06520098-2480-4826-9D8A-FBC8B8467755}.Release|x86.Build.0 = Release|Win32
		{5F68A0CB-50E2-4E3A-9281-9B5B3ABEE2A7}.Debug|x64.ActiveCfg = Debug|x64
		{5F68A0CB-50E2-4E3A-9281-9B5B3ABEE2A7}.Debug|x64.Build.0 = Debug|x64
		{5F68A0CB-50E2-4E3A-9281-9B5B3ABEE2A7}.Debug|x86.ActiveCfg = Debug|Win32
		{5F68A0CB-50E2-4E3A-9281-9B5B3ABEE2A7}.Debug|x86.Build.0 = Debug|Win32
		{5F68A0CB-50E2-4E3A-9281-9B5B3ABEE2A7}.Release|x64.ActiveCfg = Release|x64
		{5F68A0CB-50E2-4E3A-9281-9B5B3ABEE2A7}.Release|x64.Build.0 = Release|x64
		{5F68A0CB-50E2-4E3A-9281-9B5B3ABEE2A7}.Release|x86.ActiveCfg = Release|Win32
		{5F68A0CB-50E2-4E3A-9281-9B5B3ABEE2A7}.Release|x86.Build.0 = Release|Win32
		{2E63B0CC-B819-4F8C-A5A4-500FBBF2A572}.Debug|x64.ActiveCfg = Debug|x64
		{2E63B0CC-B819-4F8C-A5A4-500FBBF2A572}.Debug|x64.Build.0 = Debug|x64
		{2E63B0CC-B819-4F8C-A5A4-500FBBF2A572}.Debug|x86.ActiveCfg = Debug|Win32
		{2E63B0CC-B819-4F8C-A5A4-500FBBF2A572}.Debug|x86.Build.0 = Debug|Win32
		{2E63B0CC-B819-4F8C-A5A4-500FBBF2A572}.Release|x64.ActiveCfg = Release|x64
		{2E63B0CC-B819-4F8C-A5A4-500FBBF2A572}.Release|x64.Build.0 = Release|x64
		{2E63B0CC-B819-4F8C-A5A4-500FBBF2A572}.Release|x86.ActiveCfg = Release|Win32
		{2E63B0CC-B819-4F8C-A5A4-500FBBF2A572}.Release|x86.Build.0 = Release|Win32
		{FBE3E7FF-3A5D-4461-B25E-8E53C075C256}.Debug|x64.ActiveCfg = Debug|x64
		{FBE3E7FF-3A5D-4461-B25E-8E53C075C256}.Debug|x64.Build.0 = Debug|x64
		{FBE3E7FF-3A5D-4461-B25E-8E53C075C256}.Debug|x86.ActiveCfg = Debug|Win32
		{FBE3E7FF-3A5D-4461-B25E-8E53C075C256}.Debug|x86.Build.0 = Debug|Win32
		{FBE3E7FF-3A5D-4461-B25E-8E53C075C256}.Release|x64.ActiveCfg = Release|x64
		{FBE3E7FF-3A5D-4461-B25E-8E53C075C256}.Release|x64.Build.0 = Release|x64
		{FBE3E7FF-3A5D-4461-B25E-8E53C075C256}.Release|x86.ActiveCfg = Release|Win32
		{FBE3E7FF-3A5D-4461-B25E-8E53C075C256}.Release|x86.Build.0 = Release|Win32
	EndGlobalSection
	GlobalSection(SolutionProperties) = preSolution
		HideSolutionNode = FALSE
	EndGlobalSection
	GlobalSection(ExtensibilityGlobals) = postSolution
		SolutionGuid = {30F24D4D-38CA-40C5-9EC5-49449C764CB9}
	EndGlobalSection
EndGlobal
