
Microsoft Visual Studio Solution File, Format Version 12.00
# Visual Studio Version 16
VisualStudioVersion = 16.0.29230.47
MinimumVisualStudioVersion = 10.0.40219.1
Project("{8BC9CEB8-8B4A-11D0-8D11-00A0C91BC942}") = "ABC076", "ABC076.vcxproj", "{235AF421-4F6D-44A7-BDB8-098DC4E52E8A}"
EndProject
Global
	GlobalSection(SolutionConfigurationPlatforms) = preSolution
		Debug|x64 = Debug|x64
		Debug|x86 = Debug|x86
		Release|x64 = Release|x64
		Release|x86 = Release|x86
	EndGlobalSection
	GlobalSection(ProjectConfigurationPlatforms) = postSolution
		{235AF421-4F6D-44A7-BDB8-098DC4E52E8A}.Debug|x64.ActiveCfg = Debug|x64
		{235AF421-4F6D-44A7-BDB8-098DC4E52E8A}.Debug|x64.Build.0 = Debug|x64
		{235AF421-4F6D-44A7-BDB8-098DC4E52E8A}.Debug|x86.ActiveCfg = Debug|Win32
		{235AF421-4F6D-44A7-BDB8-098DC4E52E8A}.Debug|x86.Build.0 = Debug|Win32
		{235AF421-4F6D-44A7-BDB8-098DC4E52E8A}.Release|x64.ActiveCfg = Release|x64
		{235AF421-4F6D-44A7-BDB8-098DC4E52E8A}.Release|x64.Build.0 = Release|x64
		{235AF421-4F6D-44A7-BDB8-098DC4E52E8A}.Release|x86.ActiveCfg = Release|Win32
		{235AF421-4F6D-44A7-BDB8-098DC4E52E8A}.Release|x86.Build.0 = Release|Win32
	EndGlobalSection
	GlobalSection(SolutionProperties) = preSolution
		HideSolutionNode = FALSE
	EndGlobalSection
	GlobalSection(ExtensibilityGlobals) = postSolution
		SolutionGuid = {0FE4C2DD-ADC3-46CE-AC22-6A83D05D49C0}
	EndGlobalSection
EndGlobal
