
Microsoft Visual Studio Solution File, Format Version 12.00
# Visual Studio Version 16
VisualStudioVersion = 16.0.29306.81
MinimumVisualStudioVersion = 10.0.40219.1
Project("{8BC9CEB8-8B4A-11D0-8D11-00A0C91BC942}") = "A", "A\A.vcxproj", "{2D194460-ED59-425F-AC72-80DA24F70C04}"
EndProject
Project("{8BC9CEB8-8B4A-11D0-8D11-00A0C91BC942}") = "B", "B\B.vcxproj", "{A285F5BB-E9C5-4C26-993D-1B8027944F63}"
EndProject
Project("{8BC9CEB8-8B4A-11D0-8D11-00A0C91BC942}") = "C", "C\C.vcxproj", "{664529E8-CA26-4CA3-979C-79D0DEE73C9E}"
EndProject
Project("{8BC9CEB8-8B4A-11D0-8D11-00A0C91BC942}") = "D", "D\D.vcxproj", "{E8D4048A-3348-4E7E-8276-3B90759DD6AF}"
EndProject
Project("{8BC9CEB8-8B4A-11D0-8D11-00A0C91BC942}") = "E", "E\E.vcxproj", "{27C92E9A-C762-442B-974B-48C25168C8CF}"
EndProject
Project("{8BC9CEB8-8B4A-11D0-8D11-00A0C91BC942}") = "F", "F\F.vcxproj", "{292C553D-A130-42DB-A695-1B645C8E3D53}"
EndProject
Project("{8BC9CEB8-8B4A-11D0-8D11-00A0C91BC942}") = "template", "template\template.vcxproj", "{E5BB2179-9F57-403C-B254-78FB5FA789B5}"
EndProject
Global
	GlobalSection(SolutionConfigurationPlatforms) = preSolution
		Debug|x64 = Debug|x64
		Debug|x86 = Debug|x86
		Release|x64 = Release|x64
		Release|x86 = Release|x86
	EndGlobalSection
	GlobalSection(ProjectConfigurationPlatforms) = postSolution
		{2D194460-ED59-425F-AC72-80DA24F70C04}.Debug|x64.ActiveCfg = Debug|x64
		{2D194460-ED59-425F-AC72-80DA24F70C04}.Debug|x64.Build.0 = Debug|x64
		{2D194460-ED59-425F-AC72-80DA24F70C04}.Debug|x86.ActiveCfg = Debug|Win32
		{2D194460-ED59-425F-AC72-80DA24F70C04}.Debug|x86.Build.0 = Debug|Win32
		{2D194460-ED59-425F-AC72-80DA24F70C04}.Release|x64.ActiveCfg = Release|x64
		{2D194460-ED59-425F-AC72-80DA24F70C04}.Release|x64.Build.0 = Release|x64
		{2D194460-ED59-425F-AC72-80DA24F70C04}.Release|x86.ActiveCfg = Release|Win32
		{2D194460-ED59-425F-AC72-80DA24F70C04}.Release|x86.Build.0 = Release|Win32
		{A285F5BB-E9C5-4C26-993D-1B8027944F63}.Debug|x64.ActiveCfg = Debug|x64
		{A285F5BB-E9C5-4C26-993D-1B8027944F63}.Debug|x64.Build.0 = Debug|x64
		{A285F5BB-E9C5-4C26-993D-1B8027944F63}.Debug|x86.ActiveCfg = Debug|Win32
		{A285F5BB-E9C5-4C26-993D-1B8027944F63}.Debug|x86.Build.0 = Debug|Win32
		{A285F5BB-E9C5-4C26-993D-1B8027944F63}.Release|x64.ActiveCfg = Release|x64
		{A285F5BB-E9C5-4C26-993D-1B8027944F63}.Release|x64.Build.0 = Release|x64
		{A285F5BB-E9C5-4C26-993D-1B8027944F63}.Release|x86.ActiveCfg = Release|Win32
		{A285F5BB-E9C5-4C26-993D-1B8027944F63}.Release|x86.Build.0 = Release|Win32
		{664529E8-CA26-4CA3-979C-79D0DEE73C9E}.Debug|x64.ActiveCfg = Debug|x64
		{664529E8-CA26-4CA3-979C-79D0DEE73C9E}.Debug|x64.Build.0 = Debug|x64
		{664529E8-CA26-4CA3-979C-79D0DEE73C9E}.Debug|x86.ActiveCfg = Debug|Win32
		{664529E8-CA26-4CA3-979C-79D0DEE73C9E}.Debug|x86.Build.0 = Debug|Win32
		{664529E8-CA26-4CA3-979C-79D0DEE73C9E}.Release|x64.ActiveCfg = Release|x64
		{664529E8-CA26-4CA3-979C-79D0DEE73C9E}.Release|x64.Build.0 = Release|x64
		{664529E8-CA26-4CA3-979C-79D0DEE73C9E}.Release|x86.ActiveCfg = Release|Win32
		{664529E8-CA26-4CA3-979C-79D0DEE73C9E}.Release|x86.Build.0 = Release|Win32
		{E8D4048A-3348-4E7E-8276-3B90759DD6AF}.Debug|x64.ActiveCfg = Debug|x64
		{E8D4048A-3348-4E7E-8276-3B90759DD6AF}.Debug|x64.Build.0 = Debug|x64
		{E8D4048A-3348-4E7E-8276-3B90759DD6AF}.Debug|x86.ActiveCfg = Debug|Win32
		{E8D4048A-3348-4E7E-8276-3B90759DD6AF}.Debug|x86.Build.0 = Debug|Win32
		{E8D4048A-3348-4E7E-8276-3B90759DD6AF}.Release|x64.ActiveCfg = Release|x64
		{E8D4048A-3348-4E7E-8276-3B90759DD6AF}.Release|x64.Build.0 = Release|x64
		{E8D4048A-3348-4E7E-8276-3B90759DD6AF}.Release|x86.ActiveCfg = Release|Win32
		{E8D4048A-3348-4E7E-8276-3B90759DD6AF}.Release|x86.Build.0 = Release|Win32
		{27C92E9A-C762-442B-974B-48C25168C8CF}.Debug|x64.ActiveCfg = Debug|x64
		{27C92E9A-C762-442B-974B-48C25168C8CF}.Debug|x64.Build.0 = Debug|x64
		{27C92E9A-C762-442B-974B-48C25168C8CF}.Debug|x86.ActiveCfg = Debug|Win32
		{27C92E9A-C762-442B-974B-48C25168C8CF}.Debug|x86.Build.0 = Debug|Win32
		{27C92E9A-C762-442B-974B-48C25168C8CF}.Release|x64.ActiveCfg = Release|x64
		{27C92E9A-C762-442B-974B-48C25168C8CF}.Release|x64.Build.0 = Release|x64
		{27C92E9A-C762-442B-974B-48C25168C8CF}.Release|x86.ActiveCfg = Release|Win32
		{27C92E9A-C762-442B-974B-48C25168C8CF}.Release|x86.Build.0 = Release|Win32
		{292C553D-A130-42DB-A695-1B645C8E3D53}.Debug|x64.ActiveCfg = Debug|x64
		{292C553D-A130-42DB-A695-1B645C8E3D53}.Debug|x64.Build.0 = Debug|x64
		{292C553D-A130-42DB-A695-1B645C8E3D53}.Debug|x86.ActiveCfg = Debug|Win32
		{292C553D-A130-42DB-A695-1B645C8E3D53}.Debug|x86.Build.0 = Debug|Win32
		{292C553D-A130-42DB-A695-1B645C8E3D53}.Release|x64.ActiveCfg = Release|x64
		{292C553D-A130-42DB-A695-1B645C8E3D53}.Release|x64.Build.0 = Release|x64
		{292C553D-A130-42DB-A695-1B645C8E3D53}.Release|x86.ActiveCfg = Release|Win32
		{292C553D-A130-42DB-A695-1B645C8E3D53}.Release|x86.Build.0 = Release|Win32
		{E5BB2179-9F57-403C-B254-78FB5FA789B5}.Debug|x64.ActiveCfg = Debug|x64
		{E5BB2179-9F57-403C-B254-78FB5FA789B5}.Debug|x64.Build.0 = Debug|x64
		{E5BB2179-9F57-403C-B254-78FB5FA789B5}.Debug|x86.ActiveCfg = Debug|Win32
		{E5BB2179-9F57-403C-B254-78FB5FA789B5}.Debug|x86.Build.0 = Debug|Win32
		{E5BB2179-9F57-403C-B254-78FB5FA789B5}.Release|x64.ActiveCfg = Release|x64
		{E5BB2179-9F57-403C-B254-78FB5FA789B5}.Release|x64.Build.0 = Release|x64
		{E5BB2179-9F57-403C-B254-78FB5FA789B5}.Release|x86.ActiveCfg = Release|Win32
		{E5BB2179-9F57-403C-B254-78FB5FA789B5}.Release|x86.Build.0 = Release|Win32
	EndGlobalSection
	GlobalSection(SolutionProperties) = preSolution
		HideSolutionNode = FALSE
	EndGlobalSection
	GlobalSection(ExtensibilityGlobals) = postSolution
		SolutionGuid = {EFD20238-3CAD-494E-A016-69E085CB793C}
	EndGlobalSection
EndGlobal
