
Microsoft Visual Studio Solution File, Format Version 12.00
# Visual Studio Version 16
VisualStudioVersion = 16.0.29306.81
MinimumVisualStudioVersion = 10.0.40219.1
Project("{8BC9CEB8-8B4A-11D0-8D11-00A0C91BC942}") = "A", "A\A.vcxproj", "{5250F5C8-A87B-4ECB-AF85-38F38013E044}"
EndProject
Project("{8BC9CEB8-8B4A-11D0-8D11-00A0C91BC942}") = "B", "B\B.vcxproj", "{FCCCB4B1-728B-4440-8B3F-0BBB9F7DA31C}"
EndProject
Project("{8BC9CEB8-8B4A-11D0-8D11-00A0C91BC942}") = "C", "C\C.vcxproj", "{88C5D0D1-C6EA-4F6A-A97D-586FD0B0EF6F}"
EndProject
Project("{8BC9CEB8-8B4A-11D0-8D11-00A0C91BC942}") = "D", "D\D.vcxproj", "{90F289F7-445E-4064-ACE9-1510D044E4EA}"
EndProject
Project("{8BC9CEB8-8B4A-11D0-8D11-00A0C91BC942}") = "E", "E\E.vcxproj", "{6DD64606-95C0-4364-A318-5A7EABAC82AA}"
EndProject
Project("{8BC9CEB8-8B4A-11D0-8D11-00A0C91BC942}") = "F", "F\F.vcxproj", "{2C02A655-AFE0-4650-855D-1247B36B1B6B}"
EndProject
Project("{8BC9CEB8-8B4A-11D0-8D11-00A0C91BC942}") = "template", "template\template.vcxproj", "{107633FF-655E-4A7D-A904-2BB68C970BBD}"
EndProject
Global
	GlobalSection(SolutionConfigurationPlatforms) = preSolution
		Debug|x64 = Debug|x64
		Debug|x86 = Debug|x86
		Release|x64 = Release|x64
		Release|x86 = Release|x86
	EndGlobalSection
	GlobalSection(ProjectConfigurationPlatforms) = postSolution
		{5250F5C8-A87B-4ECB-AF85-38F38013E044}.Debug|x64.ActiveCfg = Debug|x64
		{5250F5C8-A87B-4ECB-AF85-38F38013E044}.Debug|x64.Build.0 = Debug|x64
		{5250F5C8-A87B-4ECB-AF85-38F38013E044}.Debug|x86.ActiveCfg = Debug|Win32
		{5250F5C8-A87B-4ECB-AF85-38F38013E044}.Debug|x86.Build.0 = Debug|Win32
		{5250F5C8-A87B-4ECB-AF85-38F38013E044}.Release|x64.ActiveCfg = Release|x64
		{5250F5C8-A87B-4ECB-AF85-38F38013E044}.Release|x64.Build.0 = Release|x64
		{5250F5C8-A87B-4ECB-AF85-38F38013E044}.Release|x86.ActiveCfg = Release|Win32
		{5250F5C8-A87B-4ECB-AF85-38F38013E044}.Release|x86.Build.0 = Release|Win32
		{FCCCB4B1-728B-4440-8B3F-0BBB9F7DA31C}.Debug|x64.ActiveCfg = Debug|x64
		{FCCCB4B1-728B-4440-8B3F-0BBB9F7DA31C}.Debug|x64.Build.0 = Debug|x64
		{FCCCB4B1-728B-4440-8B3F-0BBB9F7DA31C}.Debug|x86.ActiveCfg = Debug|Win32
		{FCCCB4B1-728B-4440-8B3F-0BBB9F7DA31C}.Debug|x86.Build.0 = Debug|Win32
		{FCCCB4B1-728B-4440-8B3F-0BBB9F7DA31C}.Release|x64.ActiveCfg = Release|x64
		{FCCCB4B1-728B-4440-8B3F-0BBB9F7DA31C}.Release|x64.Build.0 = Release|x64
		{FCCCB4B1-728B-4440-8B3F-0BBB9F7DA31C}.Release|x86.ActiveCfg = Release|Win32
		{FCCCB4B1-728B-4440-8B3F-0BBB9F7DA31C}.Release|x86.Build.0 = Release|Win32
		{88C5D0D1-C6EA-4F6A-A97D-586FD0B0EF6F}.Debug|x64.ActiveCfg = Debug|x64
		{88C5D0D1-C6EA-4F6A-A97D-586FD0B0EF6F}.Debug|x64.Build.0 = Debug|x64
		{88C5D0D1-C6EA-4F6A-A97D-586FD0B0EF6F}.Debug|x86.ActiveCfg = Debug|Win32
		{88C5D0D1-C6EA-4F6A-A97D-586FD0B0EF6F}.Debug|x86.Build.0 = Debug|Win32
		{88C5D0D1-C6EA-4F6A-A97D-586FD0B0EF6F}.Release|x64.ActiveCfg = Release|x64
		{88C5D0D1-C6EA-4F6A-A97D-586FD0B0EF6F}.Release|x64.Build.0 = Release|x64
		{88C5D0D1-C6EA-4F6A-A97D-586FD0B0EF6F}.Release|x86.ActiveCfg = Release|Win32
		{88C5D0D1-C6EA-4F6A-A97D-586FD0B0EF6F}.Release|x86.Build.0 = Release|Win32
		{90F289F7-445E-4064-ACE9-1510D044E4EA}.Debug|x64.ActiveCfg = Debug|x64
		{90F289F7-445E-4064-ACE9-1510D044E4EA}.Debug|x64.Build.0 = Debug|x64
		{90F289F7-445E-4064-ACE9-1510D044E4EA}.Debug|x86.ActiveCfg = Debug|Win32
		{90F289F7-445E-4064-ACE9-1510D044E4EA}.Debug|x86.Build.0 = Debug|Win32
		{90F289F7-445E-4064-ACE9-1510D044E4EA}.Release|x64.ActiveCfg = Release|x64
		{90F289F7-445E-4064-ACE9-1510D044E4EA}.Release|x64.Build.0 = Release|x64
		{90F289F7-445E-4064-ACE9-1510D044E4EA}.Release|x86.ActiveCfg = Release|Win32
		{90F289F7-445E-4064-ACE9-1510D044E4EA}.Release|x86.Build.0 = Release|Win32
		{6DD64606-95C0-4364-A318-5A7EABAC82AA}.Debug|x64.ActiveCfg = Debug|x64
		{6DD64606-95C0-4364-A318-5A7EABAC82AA}.Debug|x64.Build.0 = Debug|x64
		{6DD64606-95C0-4364-A318-5A7EABAC82AA}.Debug|x86.ActiveCfg = Debug|Win32
		{6DD64606-95C0-4364-A318-5A7EABAC82AA}.Debug|x86.Build.0 = Debug|Win32
		{6DD64606-95C0-4364-A318-5A7EABAC82AA}.Release|x64.ActiveCfg = Release|x64
		{6DD64606-95C0-4364-A318-5A7EABAC82AA}.Release|x64.Build.0 = Release|x64
		{6DD64606-95C0-4364-A318-5A7EABAC82AA}.Release|x86.ActiveCfg = Release|Win32
		{6DD64606-95C0-4364-A318-5A7EABAC82AA}.Release|x86.Build.0 = Release|Win32
		{2C02A655-AFE0-4650-855D-1247B36B1B6B}.Debug|x64.ActiveCfg = Debug|x64
		{2C02A655-AFE0-4650-855D-1247B36B1B6B}.Debug|x64.Build.0 = Debug|x64
		{2C02A655-AFE0-4650-855D-1247B36B1B6B}.Debug|x86.ActiveCfg = Debug|Win32
		{2C02A655-AFE0-4650-855D-1247B36B1B6B}.Debug|x86.Build.0 = Debug|Win32
		{2C02A655-AFE0-4650-855D-1247B36B1B6B}.Release|x64.ActiveCfg = Release|x64
		{2C02A655-AFE0-4650-855D-1247B36B1B6B}.Release|x64.Build.0 = Release|x64
		{2C02A655-AFE0-4650-855D-1247B36B1B6B}.Release|x86.ActiveCfg = Release|Win32
		{2C02A655-AFE0-4650-855D-1247B36B1B6B}.Release|x86.Build.0 = Release|Win32
		{107633FF-655E-4A7D-A904-2BB68C970BBD}.Debug|x64.ActiveCfg = Debug|x64
		{107633FF-655E-4A7D-A904-2BB68C970BBD}.Debug|x64.Build.0 = Debug|x64
		{107633FF-655E-4A7D-A904-2BB68C970BBD}.Debug|x86.ActiveCfg = Debug|Win32
		{107633FF-655E-4A7D-A904-2BB68C970BBD}.Debug|x86.Build.0 = Debug|Win32
		{107633FF-655E-4A7D-A904-2BB68C970BBD}.Release|x64.ActiveCfg = Release|x64
		{107633FF-655E-4A7D-A904-2BB68C970BBD}.Release|x64.Build.0 = Release|x64
		{107633FF-655E-4A7D-A904-2BB68C970BBD}.Release|x86.ActiveCfg = Release|Win32
		{107633FF-655E-4A7D-A904-2BB68C970BBD}.Release|x86.Build.0 = Release|Win32
	EndGlobalSection
	GlobalSection(SolutionProperties) = preSolution
		HideSolutionNode = FALSE
	EndGlobalSection
	GlobalSection(ExtensibilityGlobals) = postSolution
		SolutionGuid = {4C1B302F-F9AF-4429-AA2E-2516864DF506}
	EndGlobalSection
EndGlobal
