
Microsoft Visual Studio Solution File, Format Version 12.00
# Visual Studio Version 16
VisualStudioVersion = 16.0.29306.81
MinimumVisualStudioVersion = 10.0.40219.1
Project("{8BC9CEB8-8B4A-11D0-8D11-00A0C91BC942}") = "A", "A\A.vcxproj", "{ABE1840D-AD64-4412-89D4-ECBC70A84FAA}"
EndProject
Project("{8BC9CEB8-8B4A-11D0-8D11-00A0C91BC942}") = "B", "B\B.vcxproj", "{D048FC42-15FF-40D3-A1B0-769D545FDEA4}"
EndProject
Project("{8BC9CEB8-8B4A-11D0-8D11-00A0C91BC942}") = "C", "C\C.vcxproj", "{6D877503-5903-4FEE-BE06-35BA80B9CA65}"
EndProject
Project("{8BC9CEB8-8B4A-11D0-8D11-00A0C91BC942}") = "D", "D\D.vcxproj", "{4F5E54BD-35DA-4B88-B9E3-20F6B0A3579A}"
EndProject
Project("{8BC9CEB8-8B4A-11D0-8D11-00A0C91BC942}") = "E", "E\E.vcxproj", "{CFD9B1EA-81B9-4637-BC4D-66C7AE4404DF}"
EndProject
Project("{8BC9CEB8-8B4A-11D0-8D11-00A0C91BC942}") = "F", "F\F.vcxproj", "{70313CB7-2416-48EB-8313-5D3A1FF1533C}"
EndProject
Project("{8BC9CEB8-8B4A-11D0-8D11-00A0C91BC942}") = "template", "template\template.vcxproj", "{56BD4653-1235-47C2-8BA8-BA9681A67012}"
EndProject
Global
	GlobalSection(SolutionConfigurationPlatforms) = preSolution
		Debug|x64 = Debug|x64
		Debug|x86 = Debug|x86
		Release|x64 = Release|x64
		Release|x86 = Release|x86
	EndGlobalSection
	GlobalSection(ProjectConfigurationPlatforms) = postSolution
		{ABE1840D-AD64-4412-89D4-ECBC70A84FAA}.Debug|x64.ActiveCfg = Debug|x64
		{ABE1840D-AD64-4412-89D4-ECBC70A84FAA}.Debug|x64.Build.0 = Debug|x64
		{ABE1840D-AD64-4412-89D4-ECBC70A84FAA}.Debug|x86.ActiveCfg = Debug|Win32
		{ABE1840D-AD64-4412-89D4-ECBC70A84FAA}.Debug|x86.Build.0 = Debug|Win32
		{ABE1840D-AD64-4412-89D4-ECBC70A84FAA}.Release|x64.ActiveCfg = Release|x64
		{ABE1840D-AD64-4412-89D4-ECBC70A84FAA}.Release|x64.Build.0 = Release|x64
		{ABE1840D-AD64-4412-89D4-ECBC70A84FAA}.Release|x86.ActiveCfg = Release|Win32
		{ABE1840D-AD64-4412-89D4-ECBC70A84FAA}.Release|x86.Build.0 = Release|Win32
		{D048FC42-15FF-40D3-A1B0-769D545FDEA4}.Debug|x64.ActiveCfg = Debug|x64
		{D048FC42-15FF-40D3-A1B0-769D545FDEA4}.Debug|x64.Build.0 = Debug|x64
		{D048FC42-15FF-40D3-A1B0-769D545FDEA4}.Debug|x86.ActiveCfg = Debug|Win32
		{D048FC42-15FF-40D3-A1B0-769D545FDEA4}.Debug|x86.Build.0 = Debug|Win32
		{D048FC42-15FF-40D3-A1B0-769D545FDEA4}.Release|x64.ActiveCfg = Release|x64
		{D048FC42-15FF-40D3-A1B0-769D545FDEA4}.Release|x64.Build.0 = Release|x64
		{D048FC42-15FF-40D3-A1B0-769D545FDEA4}.Release|x86.ActiveCfg = Release|Win32
		{D048FC42-15FF-40D3-A1B0-769D545FDEA4}.Release|x86.Build.0 = Release|Win32
		{6D877503-5903-4FEE-BE06-35BA80B9CA65}.Debug|x64.ActiveCfg = Debug|x64
		{6D877503-5903-4FEE-BE06-35BA80B9CA65}.Debug|x64.Build.0 = Debug|x64
		{6D877503-5903-4FEE-BE06-35BA80B9CA65}.Debug|x86.ActiveCfg = Debug|Win32
		{6D877503-5903-4FEE-BE06-35BA80B9CA65}.Debug|x86.Build.0 = Debug|Win32
		{6D877503-5903-4FEE-BE06-35BA80B9CA65}.Release|x64.ActiveCfg = Release|x64
		{6D877503-5903-4FEE-BE06-35BA80B9CA65}.Release|x64.Build.0 = Release|x64
		{6D877503-5903-4FEE-BE06-35BA80B9CA65}.Release|x86.ActiveCfg = Release|Win32
		{6D877503-5903-4FEE-BE06-35BA80B9CA65}.Release|x86.Build.0 = Release|Win32
		{4F5E54BD-35DA-4B88-B9E3-20F6B0A3579A}.Debug|x64.ActiveCfg = Debug|x64
		{4F5E54BD-35DA-4B88-B9E3-20F6B0A3579A}.Debug|x64.Build.0 = Debug|x64
		{4F5E54BD-35DA-4B88-B9E3-20F6B0A3579A}.Debug|x86.ActiveCfg = Debug|Win32
		{4F5E54BD-35DA-4B88-B9E3-20F6B0A3579A}.Debug|x86.Build.0 = Debug|Win32
		{4F5E54BD-35DA-4B88-B9E3-20F6B0A3579A}.Release|x64.ActiveCfg = Release|x64
		{4F5E54BD-35DA-4B88-B9E3-20F6B0A3579A}.Release|x64.Build.0 = Release|x64
		{4F5E54BD-35DA-4B88-B9E3-20F6B0A3579A}.Release|x86.ActiveCfg = Release|Win32
		{4F5E54BD-35DA-4B88-B9E3-20F6B0A3579A}.Release|x86.Build.0 = Release|Win32
		{CFD9B1EA-81B9-4637-BC4D-66C7AE4404DF}.Debug|x64.ActiveCfg = Debug|x64
		{CFD9B1EA-81B9-4637-BC4D-66C7AE4404DF}.Debug|x64.Build.0 = Debug|x64
		{CFD9B1EA-81B9-4637-BC4D-66C7AE4404DF}.Debug|x86.ActiveCfg = Debug|Win32
		{CFD9B1EA-81B9-4637-BC4D-66C7AE4404DF}.Debug|x86.Build.0 = Debug|Win32
		{CFD9B1EA-81B9-4637-BC4D-66C7AE4404DF}.Release|x64.ActiveCfg = Release|x64
		{CFD9B1EA-81B9-4637-BC4D-66C7AE4404DF}.Release|x64.Build.0 = Release|x64
		{CFD9B1EA-81B9-4637-BC4D-66C7AE4404DF}.Release|x86.ActiveCfg = Release|Win32
		{CFD9B1EA-81B9-4637-BC4D-66C7AE4404DF}.Release|x86.Build.0 = Release|Win32
		{70313CB7-2416-48EB-8313-5D3A1FF1533C}.Debug|x64.ActiveCfg = Debug|x64
		{70313CB7-2416-48EB-8313-5D3A1FF1533C}.Debug|x64.Build.0 = Debug|x64
		{70313CB7-2416-48EB-8313-5D3A1FF1533C}.Debug|x86.ActiveCfg = Debug|Win32
		{70313CB7-2416-48EB-8313-5D3A1FF1533C}.Debug|x86.Build.0 = Debug|Win32
		{70313CB7-2416-48EB-8313-5D3A1FF1533C}.Release|x64.ActiveCfg = Release|x64
		{70313CB7-2416-48EB-8313-5D3A1FF1533C}.Release|x64.Build.0 = Release|x64
		{70313CB7-2416-48EB-8313-5D3A1FF1533C}.Release|x86.ActiveCfg = Release|Win32
		{70313CB7-2416-48EB-8313-5D3A1FF1533C}.Release|x86.Build.0 = Release|Win32
		{56BD4653-1235-47C2-8BA8-BA9681A67012}.Debug|x64.ActiveCfg = Debug|x64
		{56BD4653-1235-47C2-8BA8-BA9681A67012}.Debug|x64.Build.0 = Debug|x64
		{56BD4653-1235-47C2-8BA8-BA9681A67012}.Debug|x86.ActiveCfg = Debug|Win32
		{56BD4653-1235-47C2-8BA8-BA9681A67012}.Debug|x86.Build.0 = Debug|Win32
		{56BD4653-1235-47C2-8BA8-BA9681A67012}.Release|x64.ActiveCfg = Release|x64
		{56BD4653-1235-47C2-8BA8-BA9681A67012}.Release|x64.Build.0 = Release|x64
		{56BD4653-1235-47C2-8BA8-BA9681A67012}.Release|x86.ActiveCfg = Release|Win32
		{56BD4653-1235-47C2-8BA8-BA9681A67012}.Release|x86.Build.0 = Release|Win32
	EndGlobalSection
	GlobalSection(SolutionProperties) = preSolution
		HideSolutionNode = FALSE
	EndGlobalSection
	GlobalSection(ExtensibilityGlobals) = postSolution
		SolutionGuid = {D4AFDA2C-6B17-48E8-BB80-79E8F853EC82}
	EndGlobalSection
EndGlobal
