
Microsoft Visual Studio Solution File, Format Version 12.00
# Visual Studio Version 16
VisualStudioVersion = 16.0.29306.81
MinimumVisualStudioVersion = 10.0.40219.1
Project("{8BC9CEB8-8B4A-11D0-8D11-00A0C91BC942}") = "ABC135", "ABC135.vcxproj", "{4EC5D43B-4082-46BB-9E3B-A4682A95A957}"
EndProject
Global
	GlobalSection(SolutionConfigurationPlatforms) = preSolution
		Debug|x64 = Debug|x64
		Debug|x86 = Debug|x86
		Release|x64 = Release|x64
		Release|x86 = Release|x86
	EndGlobalSection
	GlobalSection(ProjectConfigurationPlatforms) = postSolution
		{4EC5D43B-4082-46BB-9E3B-A4682A95A957}.Debug|x64.ActiveCfg = Debug|x64
		{4EC5D43B-4082-46BB-9E3B-A4682A95A957}.Debug|x64.Build.0 = Debug|x64
		{4EC5D43B-4082-46BB-9E3B-A4682A95A957}.Debug|x86.ActiveCfg = Debug|Win32
		{4EC5D43B-4082-46BB-9E3B-A4682A95A957}.Debug|x86.Build.0 = Debug|Win32
		{4EC5D43B-4082-46BB-9E3B-A4682A95A957}.Release|x64.ActiveCfg = Release|x64
		{4EC5D43B-4082-46BB-9E3B-A4682A95A957}.Release|x64.Build.0 = Release|x64
		{4EC5D43B-4082-46BB-9E3B-A4682A95A957}.Release|x86.ActiveCfg = Release|Win32
		{4EC5D43B-4082-46BB-9E3B-A4682A95A957}.Release|x86.Build.0 = Release|Win32
	EndGlobalSection
	GlobalSection(SolutionProperties) = preSolution
		HideSolutionNode = FALSE
	EndGlobalSection
	GlobalSection(ExtensibilityGlobals) = postSolution
		SolutionGuid = {91F2FE7F-4648-44D4-B60C-BE03D821F81C}
	EndGlobalSection
EndGlobal
