
Microsoft Visual Studio Solution File, Format Version 12.00
# Visual Studio Version 16
VisualStudioVersion = 16.0.29306.81
MinimumVisualStudioVersion = 10.0.40219.1
Project("{8BC9CEB8-8B4A-11D0-8D11-00A0C91BC942}") = "A", "A\A.vcxproj", "{7BF2A2F0-7994-4E38-85AC-3D7F9B02CEEC}"
EndProject
Project("{8BC9CEB8-8B4A-11D0-8D11-00A0C91BC942}") = "B", "B\B.vcxproj", "{8EAEB203-4267-4A9D-B77A-16960D07EC19}"
EndProject
Project("{8BC9CEB8-8B4A-11D0-8D11-00A0C91BC942}") = "C", "C\C.vcxproj", "{CC288CC6-42C7-48A0-8352-023F7010103B}"
EndProject
Project("{8BC9CEB8-8B4A-11D0-8D11-00A0C91BC942}") = "D", "D\D.vcxproj", "{5535E0D5-8FE9-4D03-8BAB-FE43E12740AC}"
EndProject
Project("{8BC9CEB8-8B4A-11D0-8D11-00A0C91BC942}") = "E", "E\E.vcxproj", "{7A720CCE-01ED-49B1-B185-43602748621E}"
EndProject
Project("{8BC9CEB8-8B4A-11D0-8D11-00A0C91BC942}") = "F", "F\F.vcxproj", "{A9C28F16-18D5-486A-BE61-8170D56D87E6}"
EndProject
Project("{8BC9CEB8-8B4A-11D0-8D11-00A0C91BC942}") = "template", "template\template.vcxproj", "{6423A28A-6794-46C2-8A34-48D55B4EEA87}"
EndProject
Global
	GlobalSection(SolutionConfigurationPlatforms) = preSolution
		Debug|x64 = Debug|x64
		Debug|x86 = Debug|x86
		Release|x64 = Release|x64
		Release|x86 = Release|x86
	EndGlobalSection
	GlobalSection(ProjectConfigurationPlatforms) = postSolution
		{7BF2A2F0-7994-4E38-85AC-3D7F9B02CEEC}.Debug|x64.ActiveCfg = Debug|x64
		{7BF2A2F0-7994-4E38-85AC-3D7F9B02CEEC}.Debug|x64.Build.0 = Debug|x64
		{7BF2A2F0-7994-4E38-85AC-3D7F9B02CEEC}.Debug|x86.ActiveCfg = Debug|Win32
		{7BF2A2F0-7994-4E38-85AC-3D7F9B02CEEC}.Debug|x86.Build.0 = Debug|Win32
		{7BF2A2F0-7994-4E38-85AC-3D7F9B02CEEC}.Release|x64.ActiveCfg = Release|x64
		{7BF2A2F0-7994-4E38-85AC-3D7F9B02CEEC}.Release|x64.Build.0 = Release|x64
		{7BF2A2F0-7994-4E38-85AC-3D7F9B02CEEC}.Release|x86.ActiveCfg = Release|Win32
		{7BF2A2F0-7994-4E38-85AC-3D7F9B02CEEC}.Release|x86.Build.0 = Release|Win32
		{8EAEB203-4267-4A9D-B77A-16960D07EC19}.Debug|x64.ActiveCfg = Debug|x64
		{8EAEB203-4267-4A9D-B77A-16960D07EC19}.Debug|x64.Build.0 = Debug|x64
		{8EAEB203-4267-4A9D-B77A-16960D07EC19}.Debug|x86.ActiveCfg = Debug|Win32
		{8EAEB203-4267-4A9D-B77A-16960D07EC19}.Debug|x86.Build.0 = Debug|Win32
		{8EAEB203-4267-4A9D-B77A-16960D07EC19}.Release|x64.ActiveCfg = Release|x64
		{8EAEB203-4267-4A9D-B77A-16960D07EC19}.Release|x64.Build.0 = Release|x64
		{8EAEB203-4267-4A9D-B77A-16960D07EC19}.Release|x86.ActiveCfg = Release|Win32
		{8EAEB203-4267-4A9D-B77A-16960D07EC19}.Release|x86.Build.0 = Release|Win32
		{CC288CC6-42C7-48A0-8352-023F7010103B}.Debug|x64.ActiveCfg = Debug|x64
		{CC288CC6-42C7-48A0-8352-023F7010103B}.Debug|x64.Build.0 = Debug|x64
		{CC288CC6-42C7-48A0-8352-023F7010103B}.Debug|x86.ActiveCfg = Debug|Win32
		{CC288CC6-42C7-48A0-8352-023F7010103B}.Debug|x86.Build.0 = Debug|Win32
		{CC288CC6-42C7-48A0-8352-023F7010103B}.Release|x64.ActiveCfg = Release|x64
		{CC288CC6-42C7-48A0-8352-023F7010103B}.Release|x64.Build.0 = Release|x64
		{CC288CC6-42C7-48A0-8352-023F7010103B}.Release|x86.ActiveCfg = Release|Win32
		{CC288CC6-42C7-48A0-8352-023F7010103B}.Release|x86.Build.0 = Release|Win32
		{5535E0D5-8FE9-4D03-8BAB-FE43E12740AC}.Debug|x64.ActiveCfg = Debug|x64
		{5535E0D5-8FE9-4D03-8BAB-FE43E12740AC}.Debug|x64.Build.0 = Debug|x64
		{5535E0D5-8FE9-4D03-8BAB-FE43E12740AC}.Debug|x86.ActiveCfg = Debug|Win32
		{5535E0D5-8FE9-4D03-8BAB-FE43E12740AC}.Debug|x86.Build.0 = Debug|Win32
		{5535E0D5-8FE9-4D03-8BAB-FE43E12740AC}.Release|x64.ActiveCfg = Release|x64
		{5535E0D5-8FE9-4D03-8BAB-FE43E12740AC}.Release|x64.Build.0 = Release|x64
		{5535E0D5-8FE9-4D03-8BAB-FE43E12740AC}.Release|x86.ActiveCfg = Release|Win32
		{5535E0D5-8FE9-4D03-8BAB-FE43E12740AC}.Release|x86.Build.0 = Release|Win32
		{7A720CCE-01ED-49B1-B185-43602748621E}.Debug|x64.ActiveCfg = Debug|x64
		{7A720CCE-01ED-49B1-B185-43602748621E}.Debug|x64.Build.0 = Debug|x64
		{7A720CCE-01ED-49B1-B185-43602748621E}.Debug|x86.ActiveCfg = Debug|Win32
		{7A720CCE-01ED-49B1-B185-43602748621E}.Debug|x86.Build.0 = Debug|Win32
		{7A720CCE-01ED-49B1-B185-43602748621E}.Release|x64.ActiveCfg = Release|x64
		{7A720CCE-01ED-49B1-B185-43602748621E}.Release|x64.Build.0 = Release|x64
		{7A720CCE-01ED-49B1-B185-43602748621E}.Release|x86.ActiveCfg = Release|Win32
		{7A720CCE-01ED-49B1-B185-43602748621E}.Release|x86.Build.0 = Release|Win32
		{A9C28F16-18D5-486A-BE61-8170D56D87E6}.Debug|x64.ActiveCfg = Debug|x64
		{A9C28F16-18D5-486A-BE61-8170D56D87E6}.Debug|x64.Build.0 = Debug|x64
		{A9C28F16-18D5-486A-BE61-8170D56D87E6}.Debug|x86.ActiveCfg = Debug|Win32
		{A9C28F16-18D5-486A-BE61-8170D56D87E6}.Debug|x86.Build.0 = Debug|Win32
		{A9C28F16-18D5-486A-BE61-8170D56D87E6}.Release|x64.ActiveCfg = Release|x64
		{A9C28F16-18D5-486A-BE61-8170D56D87E6}.Release|x64.Build.0 = Release|x64
		{A9C28F16-18D5-486A-BE61-8170D56D87E6}.Release|x86.ActiveCfg = Release|Win32
		{A9C28F16-18D5-486A-BE61-8170D56D87E6}.Release|x86.Build.0 = Release|Win32
		{6423A28A-6794-46C2-8A34-48D55B4EEA87}.Debug|x64.ActiveCfg = Debug|x64
		{6423A28A-6794-46C2-8A34-48D55B4EEA87}.Debug|x64.Build.0 = Debug|x64
		{6423A28A-6794-46C2-8A34-48D55B4EEA87}.Debug|x86.ActiveCfg = Debug|Win32
		{6423A28A-6794-46C2-8A34-48D55B4EEA87}.Debug|x86.Build.0 = Debug|Win32
		{6423A28A-6794-46C2-8A34-48D55B4EEA87}.Release|x64.ActiveCfg = Release|x64
		{6423A28A-6794-46C2-8A34-48D55B4EEA87}.Release|x64.Build.0 = Release|x64
		{6423A28A-6794-46C2-8A34-48D55B4EEA87}.Release|x86.ActiveCfg = Release|Win32
		{6423A28A-6794-46C2-8A34-48D55B4EEA87}.Release|x86.Build.0 = Release|Win32
	EndGlobalSection
	GlobalSection(SolutionProperties) = preSolution
		HideSolutionNode = FALSE
	EndGlobalSection
	GlobalSection(ExtensibilityGlobals) = postSolution
		SolutionGuid = {D3D789C0-79C0-4C7D-8EAF-541EBEAF18E9}
	EndGlobalSection
EndGlobal
