
Microsoft Visual Studio Solution File, Format Version 12.00
# Visual Studio Version 16
VisualStudioVersion = 16.0.29306.81
MinimumVisualStudioVersion = 10.0.40219.1
Project("{8BC9CEB8-8B4A-11D0-8D11-00A0C91BC942}") = "A", "A\A.vcxproj", "{C3116D2F-8157-4E77-B318-B0ECD3FEC9C7}"
EndProject
Project("{8BC9CEB8-8B4A-11D0-8D11-00A0C91BC942}") = "B", "B\B.vcxproj", "{79C9BDD7-7567-45B5-A3E7-E7DD79DE3AD1}"
EndProject
Project("{8BC9CEB8-8B4A-11D0-8D11-00A0C91BC942}") = "C", "C\C.vcxproj", "{A6A21C5A-1499-4817-B964-9A8A9F364E9B}"
EndProject
Project("{8BC9CEB8-8B4A-11D0-8D11-00A0C91BC942}") = "D", "D\D.vcxproj", "{E0667964-6DC8-4B4E-9491-C359AFF409F7}"
EndProject
Project("{8BC9CEB8-8B4A-11D0-8D11-00A0C91BC942}") = "E", "E\E.vcxproj", "{2F9C1132-BAF4-49D0-B989-02A8F3AA6E05}"
EndProject
Project("{8BC9CEB8-8B4A-11D0-8D11-00A0C91BC942}") = "F", "F\F.vcxproj", "{98D53A15-4D7E-4F9F-A093-92D92A10EA96}"
EndProject
Project("{8BC9CEB8-8B4A-11D0-8D11-00A0C91BC942}") = "template", "template\template.vcxproj", "{7F701E8E-2757-4487-B071-03124E5D5AD9}"
EndProject
Global
	GlobalSection(SolutionConfigurationPlatforms) = preSolution
		Debug|x64 = Debug|x64
		Debug|x86 = Debug|x86
		Release|x64 = Release|x64
		Release|x86 = Release|x86
	EndGlobalSection
	GlobalSection(ProjectConfigurationPlatforms) = postSolution
		{C3116D2F-8157-4E77-B318-B0ECD3FEC9C7}.Debug|x64.ActiveCfg = Debug|x64
		{C3116D2F-8157-4E77-B318-B0ECD3FEC9C7}.Debug|x64.Build.0 = Debug|x64
		{C3116D2F-8157-4E77-B318-B0ECD3FEC9C7}.Debug|x86.ActiveCfg = Debug|Win32
		{C3116D2F-8157-4E77-B318-B0ECD3FEC9C7}.Debug|x86.Build.0 = Debug|Win32
		{C3116D2F-8157-4E77-B318-B0ECD3FEC9C7}.Release|x64.ActiveCfg = Release|x64
		{C3116D2F-8157-4E77-B318-B0ECD3FEC9C7}.Release|x64.Build.0 = Release|x64
		{C3116D2F-8157-4E77-B318-B0ECD3FEC9C7}.Release|x86.ActiveCfg = Release|Win32
		{C3116D2F-8157-4E77-B318-B0ECD3FEC9C7}.Release|x86.Build.0 = Release|Win32
		{79C9BDD7-7567-45B5-A3E7-E7DD79DE3AD1}.Debug|x64.ActiveCfg = Debug|x64
		{79C9BDD7-7567-45B5-A3E7-E7DD79DE3AD1}.Debug|x64.Build.0 = Debug|x64
		{79C9BDD7-7567-45B5-A3E7-E7DD79DE3AD1}.Debug|x86.ActiveCfg = Debug|Win32
		{79C9BDD7-7567-45B5-A3E7-E7DD79DE3AD1}.Debug|x86.Build.0 = Debug|Win32
		{79C9BDD7-7567-45B5-A3E7-E7DD79DE3AD1}.Release|x64.ActiveCfg = Release|x64
		{79C9BDD7-7567-45B5-A3E7-E7DD79DE3AD1}.Release|x64.Build.0 = Release|x64
		{79C9BDD7-7567-45B5-A3E7-E7DD79DE3AD1}.Release|x86.ActiveCfg = Release|Win32
		{79C9BDD7-7567-45B5-A3E7-E7DD79DE3AD1}.Release|x86.Build.0 = Release|Win32
		{A6A21C5A-1499-4817-B964-9A8A9F364E9B}.Debug|x64.ActiveCfg = Debug|x64
		{A6A21C5A-1499-4817-B964-9A8A9F364E9B}.Debug|x64.Build.0 = Debug|x64
		{A6A21C5A-1499-4817-B964-9A8A9F364E9B}.Debug|x86.ActiveCfg = Debug|Win32
		{A6A21C5A-1499-4817-B964-9A8A9F364E9B}.Debug|x86.Build.0 = Debug|Win32
		{A6A21C5A-1499-4817-B964-9A8A9F364E9B}.Release|x64.ActiveCfg = Release|x64
		{A6A21C5A-1499-4817-B964-9A8A9F364E9B}.Release|x64.Build.0 = Release|x64
		{A6A21C5A-1499-4817-B964-9A8A9F364E9B}.Release|x86.ActiveCfg = Release|Win32
		{A6A21C5A-1499-4817-B964-9A8A9F364E9B}.Release|x86.Build.0 = Release|Win32
		{E0667964-6DC8-4B4E-9491-C359AFF409F7}.Debug|x64.ActiveCfg = Debug|x64
		{E0667964-6DC8-4B4E-9491-C359AFF409F7}.Debug|x64.Build.0 = Debug|x64
		{E0667964-6DC8-4B4E-9491-C359AFF409F7}.Debug|x86.ActiveCfg = Debug|Win32
		{E0667964-6DC8-4B4E-9491-C359AFF409F7}.Debug|x86.Build.0 = Debug|Win32
		{E0667964-6DC8-4B4E-9491-C359AFF409F7}.Release|x64.ActiveCfg = Release|x64
		{E0667964-6DC8-4B4E-9491-C359AFF409F7}.Release|x64.Build.0 = Release|x64
		{E0667964-6DC8-4B4E-9491-C359AFF409F7}.Release|x86.ActiveCfg = Release|Win32
		{E0667964-6DC8-4B4E-9491-C359AFF409F7}.Release|x86.Build.0 = Release|Win32
		{2F9C1132-BAF4-49D0-B989-02A8F3AA6E05}.Debug|x64.ActiveCfg = Debug|x64
		{2F9C1132-BAF4-49D0-B989-02A8F3AA6E05}.Debug|x64.Build.0 = Debug|x64
		{2F9C1132-BAF4-49D0-B989-02A8F3AA6E05}.Debug|x86.ActiveCfg = Debug|Win32
		{2F9C1132-BAF4-49D0-B989-02A8F3AA6E05}.Debug|x86.Build.0 = Debug|Win32
		{2F9C1132-BAF4-49D0-B989-02A8F3AA6E05}.Release|x64.ActiveCfg = Release|x64
		{2F9C1132-BAF4-49D0-B989-02A8F3AA6E05}.Release|x64.Build.0 = Release|x64
		{2F9C1132-BAF4-49D0-B989-02A8F3AA6E05}.Release|x86.ActiveCfg = Release|Win32
		{2F9C1132-BAF4-49D0-B989-02A8F3AA6E05}.Release|x86.Build.0 = Release|Win32
		{98D53A15-4D7E-4F9F-A093-92D92A10EA96}.Debug|x64.ActiveCfg = Debug|x64
		{98D53A15-4D7E-4F9F-A093-92D92A10EA96}.Debug|x64.Build.0 = Debug|x64
		{98D53A15-4D7E-4F9F-A093-92D92A10EA96}.Debug|x86.ActiveCfg = Debug|Win32
		{98D53A15-4D7E-4F9F-A093-92D92A10EA96}.Debug|x86.Build.0 = Debug|Win32
		{98D53A15-4D7E-4F9F-A093-92D92A10EA96}.Release|x64.ActiveCfg = Release|x64
		{98D53A15-4D7E-4F9F-A093-92D92A10EA96}.Release|x64.Build.0 = Release|x64
		{98D53A15-4D7E-4F9F-A093-92D92A10EA96}.Release|x86.ActiveCfg = Release|Win32
		{98D53A15-4D7E-4F9F-A093-92D92A10EA96}.Release|x86.Build.0 = Release|Win32
		{7F701E8E-2757-4487-B071-03124E5D5AD9}.Debug|x64.ActiveCfg = Debug|x64
		{7F701E8E-2757-4487-B071-03124E5D5AD9}.Debug|x64.Build.0 = Debug|x64
		{7F701E8E-2757-4487-B071-03124E5D5AD9}.Debug|x86.ActiveCfg = Debug|Win32
		{7F701E8E-2757-4487-B071-03124E5D5AD9}.Debug|x86.Build.0 = Debug|Win32
		{7F701E8E-2757-4487-B071-03124E5D5AD9}.Release|x64.ActiveCfg = Release|x64
		{7F701E8E-2757-4487-B071-03124E5D5AD9}.Release|x64.Build.0 = Release|x64
		{7F701E8E-2757-4487-B071-03124E5D5AD9}.Release|x86.ActiveCfg = Release|Win32
		{7F701E8E-2757-4487-B071-03124E5D5AD9}.Release|x86.Build.0 = Release|Win32
	EndGlobalSection
	GlobalSection(SolutionProperties) = preSolution
		HideSolutionNode = FALSE
	EndGlobalSection
	GlobalSection(ExtensibilityGlobals) = postSolution
		SolutionGuid = {FC44B061-5FC2-4C4F-8580-DCE5EB8C658C}
	EndGlobalSection
EndGlobal
