
Microsoft Visual Studio Solution File, Format Version 12.00
# Visual Studio Version 16
VisualStudioVersion = 16.0.29230.47
MinimumVisualStudioVersion = 10.0.40219.1
Project("{8BC9CEB8-8B4A-11D0-8D11-00A0C91BC942}") = "ABC064", "ABC064.vcxproj", "{08151EE2-1A7D-4C9F-9CFD-7A4F16E839F1}"
EndProject
Global
	GlobalSection(SolutionConfigurationPlatforms) = preSolution
		Debug|x64 = Debug|x64
		Debug|x86 = Debug|x86
		Release|x64 = Release|x64
		Release|x86 = Release|x86
	EndGlobalSection
	GlobalSection(ProjectConfigurationPlatforms) = postSolution
		{08151EE2-1A7D-4C9F-9CFD-7A4F16E839F1}.Debug|x64.ActiveCfg = Debug|x64
		{08151EE2-1A7D-4C9F-9CFD-7A4F16E839F1}.Debug|x64.Build.0 = Debug|x64
		{08151EE2-1A7D-4C9F-9CFD-7A4F16E839F1}.Debug|x86.ActiveCfg = Debug|Win32
		{08151EE2-1A7D-4C9F-9CFD-7A4F16E839F1}.Debug|x86.Build.0 = Debug|Win32
		{08151EE2-1A7D-4C9F-9CFD-7A4F16E839F1}.Release|x64.ActiveCfg = Release|x64
		{08151EE2-1A7D-4C9F-9CFD-7A4F16E839F1}.Release|x64.Build.0 = Release|x64
		{08151EE2-1A7D-4C9F-9CFD-7A4F16E839F1}.Release|x86.ActiveCfg = Release|Win32
		{08151EE2-1A7D-4C9F-9CFD-7A4F16E839F1}.Release|x86.Build.0 = Release|Win32
	EndGlobalSection
	GlobalSection(SolutionProperties) = preSolution
		HideSolutionNode = FALSE
	EndGlobalSection
	GlobalSection(ExtensibilityGlobals) = postSolution
		SolutionGuid = {39FF66E6-CCAF-4744-8988-D7A8FCB83DDC}
	EndGlobalSection
EndGlobal
