
Microsoft Visual Studio Solution File, Format Version 12.00
# Visual Studio Version 16
VisualStudioVersion = 16.0.29306.81
MinimumVisualStudioVersion = 10.0.40219.1
Project("{8BC9CEB8-8B4A-11D0-8D11-00A0C91BC942}") = "A", "A\A.vcxproj", "{ED347560-F458-45DC-81E4-E651E2B0F0FF}"
EndProject
Project("{8BC9CEB8-8B4A-11D0-8D11-00A0C91BC942}") = "B", "B\B.vcxproj", "{CCBBB5D7-BA04-4D16-98DE-47C76DC95873}"
EndProject
Project("{8BC9CEB8-8B4A-11D0-8D11-00A0C91BC942}") = "C", "C\C.vcxproj", "{60254223-A86F-4A76-A3BA-4A02CDF6DFE7}"
EndProject
Project("{8BC9CEB8-8B4A-11D0-8D11-00A0C91BC942}") = "D", "D\D.vcxproj", "{387F4C79-2FF5-46A8-9DAB-77BF1230B07D}"
EndProject
Project("{8BC9CEB8-8B4A-11D0-8D11-00A0C91BC942}") = "E", "E\E.vcxproj", "{1DA09884-5BBA-4F1B-AD3B-AB3FC4E9DB51}"
EndProject
Project("{8BC9CEB8-8B4A-11D0-8D11-00A0C91BC942}") = "F", "F\F.vcxproj", "{94DEF866-6CED-496A-9665-4A6332C51E95}"
EndProject
Project("{8BC9CEB8-8B4A-11D0-8D11-00A0C91BC942}") = "template", "template\template.vcxproj", "{051EC295-12A4-4EA9-AB84-8EE2F785A838}"
EndProject
Global
	GlobalSection(SolutionConfigurationPlatforms) = preSolution
		Debug|x64 = Debug|x64
		Debug|x86 = Debug|x86
		Release|x64 = Release|x64
		Release|x86 = Release|x86
	EndGlobalSection
	GlobalSection(ProjectConfigurationPlatforms) = postSolution
		{ED347560-F458-45DC-81E4-E651E2B0F0FF}.Debug|x64.ActiveCfg = Debug|x64
		{ED347560-F458-45DC-81E4-E651E2B0F0FF}.Debug|x64.Build.0 = Debug|x64
		{ED347560-F458-45DC-81E4-E651E2B0F0FF}.Debug|x86.ActiveCfg = Debug|Win32
		{ED347560-F458-45DC-81E4-E651E2B0F0FF}.Debug|x86.Build.0 = Debug|Win32
		{ED347560-F458-45DC-81E4-E651E2B0F0FF}.Release|x64.ActiveCfg = Release|x64
		{ED347560-F458-45DC-81E4-E651E2B0F0FF}.Release|x64.Build.0 = Release|x64
		{ED347560-F458-45DC-81E4-E651E2B0F0FF}.Release|x86.ActiveCfg = Release|Win32
		{ED347560-F458-45DC-81E4-E651E2B0F0FF}.Release|x86.Build.0 = Release|Win32
		{CCBBB5D7-BA04-4D16-98DE-47C76DC95873}.Debug|x64.ActiveCfg = Debug|x64
		{CCBBB5D7-BA04-4D16-98DE-47C76DC95873}.Debug|x64.Build.0 = Debug|x64
		{CCBBB5D7-BA04-4D16-98DE-47C76DC95873}.Debug|x86.ActiveCfg = Debug|Win32
		{CCBBB5D7-BA04-4D16-98DE-47C76DC95873}.Debug|x86.Build.0 = Debug|Win32
		{CCBBB5D7-BA04-4D16-98DE-47C76DC95873}.Release|x64.ActiveCfg = Release|x64
		{CCBBB5D7-BA04-4D16-98DE-47C76DC95873}.Release|x64.Build.0 = Release|x64
		{CCBBB5D7-BA04-4D16-98DE-47C76DC95873}.Release|x86.ActiveCfg = Release|Win32
		{CCBBB5D7-BA04-4D16-98DE-47C76DC95873}.Release|x86.Build.0 = Release|Win32
		{60254223-A86F-4A76-A3BA-4A02CDF6DFE7}.Debug|x64.ActiveCfg = Debug|x64
		{60254223-A86F-4A76-A3BA-4A02CDF6DFE7}.Debug|x64.Build.0 = Debug|x64
		{60254223-A86F-4A76-A3BA-4A02CDF6DFE7}.Debug|x86.ActiveCfg = Debug|Win32
		{60254223-A86F-4A76-A3BA-4A02CDF6DFE7}.Debug|x86.Build.0 = Debug|Win32
		{60254223-A86F-4A76-A3BA-4A02CDF6DFE7}.Release|x64.ActiveCfg = Release|x64
		{60254223-A86F-4A76-A3BA-4A02CDF6DFE7}.Release|x64.Build.0 = Release|x64
		{60254223-A86F-4A76-A3BA-4A02CDF6DFE7}.Release|x86.ActiveCfg = Release|Win32
		{60254223-A86F-4A76-A3BA-4A02CDF6DFE7}.Release|x86.Build.0 = Release|Win32
		{387F4C79-2FF5-46A8-9DAB-77BF1230B07D}.Debug|x64.ActiveCfg = Debug|x64
		{387F4C79-2FF5-46A8-9DAB-77BF1230B07D}.Debug|x64.Build.0 = Debug|x64
		{387F4C79-2FF5-46A8-9DAB-77BF1230B07D}.Debug|x86.ActiveCfg = Debug|Win32
		{387F4C79-2FF5-46A8-9DAB-77BF1230B07D}.Debug|x86.Build.0 = Debug|Win32
		{387F4C79-2FF5-46A8-9DAB-77BF1230B07D}.Release|x64.ActiveCfg = Release|x64
		{387F4C79-2FF5-46A8-9DAB-77BF1230B07D}.Release|x64.Build.0 = Release|x64
		{387F4C79-2FF5-46A8-9DAB-77BF1230B07D}.Release|x86.ActiveCfg = Release|Win32
		{387F4C79-2FF5-46A8-9DAB-77BF1230B07D}.Release|x86.Build.0 = Release|Win32
		{1DA09884-5BBA-4F1B-AD3B-AB3FC4E9DB51}.Debug|x64.ActiveCfg = Debug|x64
		{1DA09884-5BBA-4F1B-AD3B-AB3FC4E9DB51}.Debug|x64.Build.0 = Debug|x64
		{1DA09884-5BBA-4F1B-AD3B-AB3FC4E9DB51}.Debug|x86.ActiveCfg = Debug|Win32
		{1DA09884-5BBA-4F1B-AD3B-AB3FC4E9DB51}.Debug|x86.Build.0 = Debug|Win32
		{1DA09884-5BBA-4F1B-AD3B-AB3FC4E9DB51}.Release|x64.ActiveCfg = Release|x64
		{1DA09884-5BBA-4F1B-AD3B-AB3FC4E9DB51}.Release|x64.Build.0 = Release|x64
		{1DA09884-5BBA-4F1B-AD3B-AB3FC4E9DB51}.Release|x86.ActiveCfg = Release|Win32
		{1DA09884-5BBA-4F1B-AD3B-AB3FC4E9DB51}.Release|x86.Build.0 = Release|Win32
		{94DEF866-6CED-496A-9665-4A6332C51E95}.Debug|x64.ActiveCfg = Debug|x64
		{94DEF866-6CED-496A-9665-4A6332C51E95}.Debug|x64.Build.0 = Debug|x64
		{94DEF866-6CED-496A-9665-4A6332C51E95}.Debug|x86.ActiveCfg = Debug|Win32
		{94DEF866-6CED-496A-9665-4A6332C51E95}.Debug|x86.Build.0 = Debug|Win32
		{94DEF866-6CED-496A-9665-4A6332C51E95}.Release|x64.ActiveCfg = Release|x64
		{94DEF866-6CED-496A-9665-4A6332C51E95}.Release|x64.Build.0 = Release|x64
		{94DEF866-6CED-496A-9665-4A6332C51E95}.Release|x86.ActiveCfg = Release|Win32
		{94DEF866-6CED-496A-9665-4A6332C51E95}.Release|x86.Build.0 = Release|Win32
		{051EC295-12A4-4EA9-AB84-8EE2F785A838}.Debug|x64.ActiveCfg = Debug|x64
		{051EC295-12A4-4EA9-AB84-8EE2F785A838}.Debug|x64.Build.0 = Debug|x64
		{051EC295-12A4-4EA9-AB84-8EE2F785A838}.Debug|x86.ActiveCfg = Debug|Win32
		{051EC295-12A4-4EA9-AB84-8EE2F785A838}.Debug|x86.Build.0 = Debug|Win32
		{051EC295-12A4-4EA9-AB84-8EE2F785A838}.Release|x64.ActiveCfg = Release|x64
		{051EC295-12A4-4EA9-AB84-8EE2F785A838}.Release|x64.Build.0 = Release|x64
		{051EC295-12A4-4EA9-AB84-8EE2F785A838}.Release|x86.ActiveCfg = Release|Win32
		{051EC295-12A4-4EA9-AB84-8EE2F785A838}.Release|x86.Build.0 = Release|Win32
	EndGlobalSection
	GlobalSection(SolutionProperties) = preSolution
		HideSolutionNode = FALSE
	EndGlobalSection
	GlobalSection(ExtensibilityGlobals) = postSolution
		SolutionGuid = {BD180357-178E-45CB-9799-7ABAA5CADF4B}
	EndGlobalSection
EndGlobal
