
Microsoft Visual Studio Solution File, Format Version 12.00
# Visual Studio Version 16
VisualStudioVersion = 16.0.29306.81
MinimumVisualStudioVersion = 10.0.40219.1
Project("{8BC9CEB8-8B4A-11D0-8D11-00A0C91BC942}") = "Educational DP Contest", "Educational DP Contest.vcxproj", "{EDA153A1-6F10-492E-9F66-9D3FD55C4246}"
EndProject
Global
	GlobalSection(SolutionConfigurationPlatforms) = preSolution
		Debug|x64 = Debug|x64
		Debug|x86 = Debug|x86
		Release|x64 = Release|x64
		Release|x86 = Release|x86
	EndGlobalSection
	GlobalSection(ProjectConfigurationPlatforms) = postSolution
		{EDA153A1-6F10-492E-9F66-9D3FD55C4246}.Debug|x64.ActiveCfg = Debug|x64
		{EDA153A1-6F10-492E-9F66-9D3FD55C4246}.Debug|x64.Build.0 = Debug|x64
		{EDA153A1-6F10-492E-9F66-9D3FD55C4246}.Debug|x86.ActiveCfg = Debug|Win32
		{EDA153A1-6F10-492E-9F66-9D3FD55C4246}.Debug|x86.Build.0 = Debug|Win32
		{EDA153A1-6F10-492E-9F66-9D3FD55C4246}.Release|x64.ActiveCfg = Release|x64
		{EDA153A1-6F10-492E-9F66-9D3FD55C4246}.Release|x64.Build.0 = Release|x64
		{EDA153A1-6F10-492E-9F66-9D3FD55C4246}.Release|x86.ActiveCfg = Release|Win32
		{EDA153A1-6F10-492E-9F66-9D3FD55C4246}.Release|x86.Build.0 = Release|Win32
	EndGlobalSection
	GlobalSection(SolutionProperties) = preSolution
		HideSolutionNode = FALSE
	EndGlobalSection
	GlobalSection(ExtensibilityGlobals) = postSolution
		SolutionGuid = {91467DD8-55BA-4DDC-B261-8E0C30E0301D}
	EndGlobalSection
EndGlobal
