
Microsoft Visual Studio Solution File, Format Version 12.00
# Visual Studio Version 16
VisualStudioVersion = 16.0.29306.81
MinimumVisualStudioVersion = 10.0.40219.1
Project("{8BC9CEB8-8B4A-11D0-8D11-00A0C91BC942}") = "A", "A\A.vcxproj", "{98BA54B3-9014-47C4-BC7D-7C97377AC058}"
EndProject
Project("{8BC9CEB8-8B4A-11D0-8D11-00A0C91BC942}") = "B", "B\B.vcxproj", "{39823175-57D7-47E4-B23D-B0789D60D12C}"
EndProject
Project("{8BC9CEB8-8B4A-11D0-8D11-00A0C91BC942}") = "C", "C\C.vcxproj", "{931D30C9-D345-430F-BBCD-705C996113CA}"
EndProject
Project("{8BC9CEB8-8B4A-11D0-8D11-00A0C91BC942}") = "D", "D\D.vcxproj", "{E7DABE68-A130-4F36-B0F7-5783E3DB4975}"
EndProject
Project("{8BC9CEB8-8B4A-11D0-8D11-00A0C91BC942}") = "E", "E\E.vcxproj", "{70F5221B-435E-4CE9-99D1-FD0FC226C0BC}"
EndProject
Project("{8BC9CEB8-8B4A-11D0-8D11-00A0C91BC942}") = "F", "F\F.vcxproj", "{3026A085-F63C-4273-A024-4CC4B3337C42}"
EndProject
Project("{8BC9CEB8-8B4A-11D0-8D11-00A0C91BC942}") = "template", "template\template.vcxproj", "{9DB94D0A-9243-4B37-8554-5354414B1588}"
EndProject
Global
	GlobalSection(SolutionConfigurationPlatforms) = preSolution
		Debug|x64 = Debug|x64
		Debug|x86 = Debug|x86
		Release|x64 = Release|x64
		Release|x86 = Release|x86
	EndGlobalSection
	GlobalSection(ProjectConfigurationPlatforms) = postSolution
		{98BA54B3-9014-47C4-BC7D-7C97377AC058}.Debug|x64.ActiveCfg = Debug|x64
		{98BA54B3-9014-47C4-BC7D-7C97377AC058}.Debug|x64.Build.0 = Debug|x64
		{98BA54B3-9014-47C4-BC7D-7C97377AC058}.Debug|x86.ActiveCfg = Debug|Win32
		{98BA54B3-9014-47C4-BC7D-7C97377AC058}.Debug|x86.Build.0 = Debug|Win32
		{98BA54B3-9014-47C4-BC7D-7C97377AC058}.Release|x64.ActiveCfg = Release|x64
		{98BA54B3-9014-47C4-BC7D-7C97377AC058}.Release|x64.Build.0 = Release|x64
		{98BA54B3-9014-47C4-BC7D-7C97377AC058}.Release|x86.ActiveCfg = Release|Win32
		{98BA54B3-9014-47C4-BC7D-7C97377AC058}.Release|x86.Build.0 = Release|Win32
		{39823175-57D7-47E4-B23D-B0789D60D12C}.Debug|x64.ActiveCfg = Debug|x64
		{39823175-57D7-47E4-B23D-B0789D60D12C}.Debug|x64.Build.0 = Debug|x64
		{39823175-57D7-47E4-B23D-B0789D60D12C}.Debug|x86.ActiveCfg = Debug|Win32
		{39823175-57D7-47E4-B23D-B0789D60D12C}.Debug|x86.Build.0 = Debug|Win32
		{39823175-57D7-47E4-B23D-B0789D60D12C}.Release|x64.ActiveCfg = Release|x64
		{39823175-57D7-47E4-B23D-B0789D60D12C}.Release|x64.Build.0 = Release|x64
		{39823175-57D7-47E4-B23D-B0789D60D12C}.Release|x86.ActiveCfg = Release|Win32
		{39823175-57D7-47E4-B23D-B0789D60D12C}.Release|x86.Build.0 = Release|Win32
		{931D30C9-D345-430F-BBCD-705C996113CA}.Debug|x64.ActiveCfg = Debug|x64
		{931D30C9-D345-430F-BBCD-705C996113CA}.Debug|x64.Build.0 = Debug|x64
		{931D30C9-D345-430F-BBCD-705C996113CA}.Debug|x86.ActiveCfg = Debug|Win32
		{931D30C9-D345-430F-BBCD-705C996113CA}.Debug|x86.Build.0 = Debug|Win32
		{931D30C9-D345-430F-BBCD-705C996113CA}.Release|x64.ActiveCfg = Release|x64
		{931D30C9-D345-430F-BBCD-705C996113CA}.Release|x64.Build.0 = Release|x64
		{931D30C9-D345-430F-BBCD-705C996113CA}.Release|x86.ActiveCfg = Release|Win32
		{931D30C9-D345-430F-BBCD-705C996113CA}.Release|x86.Build.0 = Release|Win32
		{E7DABE68-A130-4F36-B0F7-5783E3DB4975}.Debug|x64.ActiveCfg = Debug|x64
		{E7DABE68-A130-4F36-B0F7-5783E3DB4975}.Debug|x64.Build.0 = Debug|x64
		{E7DABE68-A130-4F36-B0F7-5783E3DB4975}.Debug|x86.ActiveCfg = Debug|Win32
		{E7DABE68-A130-4F36-B0F7-5783E3DB4975}.Debug|x86.Build.0 = Debug|Win32
		{E7DABE68-A130-4F36-B0F7-5783E3DB4975}.Release|x64.ActiveCfg = Release|x64
		{E7DABE68-A130-4F36-B0F7-5783E3DB4975}.Release|x64.Build.0 = Release|x64
		{E7DABE68-A130-4F36-B0F7-5783E3DB4975}.Release|x86.ActiveCfg = Release|Win32
		{E7DABE68-A130-4F36-B0F7-5783E3DB4975}.Release|x86.Build.0 = Release|Win32
		{70F5221B-435E-4CE9-99D1-FD0FC226C0BC}.Debug|x64.ActiveCfg = Debug|x64
		{70F5221B-435E-4CE9-99D1-FD0FC226C0BC}.Debug|x64.Build.0 = Debug|x64
		{70F5221B-435E-4CE9-99D1-FD0FC226C0BC}.Debug|x86.ActiveCfg = Debug|Win32
		{70F5221B-435E-4CE9-99D1-FD0FC226C0BC}.Debug|x86.Build.0 = Debug|Win32
		{70F5221B-435E-4CE9-99D1-FD0FC226C0BC}.Release|x64.ActiveCfg = Release|x64
		{70F5221B-435E-4CE9-99D1-FD0FC226C0BC}.Release|x64.Build.0 = Release|x64
		{70F5221B-435E-4CE9-99D1-FD0FC226C0BC}.Release|x86.ActiveCfg = Release|Win32
		{70F5221B-435E-4CE9-99D1-FD0FC226C0BC}.Release|x86.Build.0 = Release|Win32
		{3026A085-F63C-4273-A024-4CC4B3337C42}.Debug|x64.ActiveCfg = Debug|x64
		{3026A085-F63C-4273-A024-4CC4B3337C42}.Debug|x64.Build.0 = Debug|x64
		{3026A085-F63C-4273-A024-4CC4B3337C42}.Debug|x86.ActiveCfg = Debug|Win32
		{3026A085-F63C-4273-A024-4CC4B3337C42}.Debug|x86.Build.0 = Debug|Win32
		{3026A085-F63C-4273-A024-4CC4B3337C42}.Release|x64.ActiveCfg = Release|x64
		{3026A085-F63C-4273-A024-4CC4B3337C42}.Release|x64.Build.0 = Release|x64
		{3026A085-F63C-4273-A024-4CC4B3337C42}.Release|x86.ActiveCfg = Release|Win32
		{3026A085-F63C-4273-A024-4CC4B3337C42}.Release|x86.Build.0 = Release|Win32
		{9DB94D0A-9243-4B37-8554-5354414B1588}.Debug|x64.ActiveCfg = Debug|x64
		{9DB94D0A-9243-4B37-8554-5354414B1588}.Debug|x64.Build.0 = Debug|x64
		{9DB94D0A-9243-4B37-8554-5354414B1588}.Debug|x86.ActiveCfg = Debug|Win32
		{9DB94D0A-9243-4B37-8554-5354414B1588}.Debug|x86.Build.0 = Debug|Win32
		{9DB94D0A-9243-4B37-8554-5354414B1588}.Release|x64.ActiveCfg = Release|x64
		{9DB94D0A-9243-4B37-8554-5354414B1588}.Release|x64.Build.0 = Release|x64
		{9DB94D0A-9243-4B37-8554-5354414B1588}.Release|x86.ActiveCfg = Release|Win32
		{9DB94D0A-9243-4B37-8554-5354414B1588}.Release|x86.Build.0 = Release|Win32
	EndGlobalSection
	GlobalSection(SolutionProperties) = preSolution
		HideSolutionNode = FALSE
	EndGlobalSection
	GlobalSection(ExtensibilityGlobals) = postSolution
		SolutionGuid = {E2BED005-FC01-4E2E-9C8F-2F160932D512}
	EndGlobalSection
EndGlobal
