
Microsoft Visual Studio Solution File, Format Version 12.00
# Visual Studio Version 16
VisualStudioVersion = 16.0.29209.62
MinimumVisualStudioVersion = 10.0.40219.1
Project("{8BC9CEB8-8B4A-11D0-8D11-00A0C91BC942}") = "ABC112", "ABC112.vcxproj", "{CF1684C3-7A5C-46FB-93B7-8B0FD7CC8B4A}"
EndProject
Global
	GlobalSection(SolutionConfigurationPlatforms) = preSolution
		Debug|x64 = Debug|x64
		Debug|x86 = Debug|x86
		Release|x64 = Release|x64
		Release|x86 = Release|x86
	EndGlobalSection
	GlobalSection(ProjectConfigurationPlatforms) = postSolution
		{CF1684C3-7A5C-46FB-93B7-8B0FD7CC8B4A}.Debug|x64.ActiveCfg = Debug|x64
		{CF1684C3-7A5C-46FB-93B7-8B0FD7CC8B4A}.Debug|x64.Build.0 = Debug|x64
		{CF1684C3-7A5C-46FB-93B7-8B0FD7CC8B4A}.Debug|x86.ActiveCfg = Debug|Win32
		{CF1684C3-7A5C-46FB-93B7-8B0FD7CC8B4A}.Debug|x86.Build.0 = Debug|Win32
		{CF1684C3-7A5C-46FB-93B7-8B0FD7CC8B4A}.Release|x64.ActiveCfg = Release|x64
		{CF1684C3-7A5C-46FB-93B7-8B0FD7CC8B4A}.Release|x64.Build.0 = Release|x64
		{CF1684C3-7A5C-46FB-93B7-8B0FD7CC8B4A}.Release|x86.ActiveCfg = Release|Win32
		{CF1684C3-7A5C-46FB-93B7-8B0FD7CC8B4A}.Release|x86.Build.0 = Release|Win32
	EndGlobalSection
	GlobalSection(SolutionProperties) = preSolution
		HideSolutionNode = FALSE
	EndGlobalSection
	GlobalSection(ExtensibilityGlobals) = postSolution
		SolutionGuid = {B3619C88-D8BB-46BC-BA42-C19D1AA04FAC}
	EndGlobalSection
EndGlobal
