
Microsoft Visual Studio Solution File, Format Version 12.00
# Visual Studio Version 16
VisualStudioVersion = 16.0.29215.179
MinimumVisualStudioVersion = 10.0.40219.1
Project("{8BC9CEB8-8B4A-11D0-8D11-00A0C91BC942}") = "Mod", "modinv\modinv.vcxproj", "{78FE7095-C65D-4EF4-92A0-262AA4FED90B}"
EndProject
Project("{8BC9CEB8-8B4A-11D0-8D11-00A0C91BC942}") = "Prime", "prime\prime.vcxproj", "{53914F36-5531-4F4E-A407-BC64270529E1}"
EndProject
Project("{8BC9CEB8-8B4A-11D0-8D11-00A0C91BC942}") = "Templates", "utils\utils.vcxproj", "{3A731898-1A9E-4C92-9FE6-ECC6EA68A092}"
EndProject
Project("{8BC9CEB8-8B4A-11D0-8D11-00A0C91BC942}") = "Graph", "graph\graph.vcxproj", "{CAEE98A9-FD58-4B97-B0AF-5C02D796591C}"
EndProject
Project("{8BC9CEB8-8B4A-11D0-8D11-00A0C91BC942}") = "Tree", "Tree\Tree.vcxproj", "{A2D3090A-3E15-4924-9BE9-1738DA04D192}"
EndProject
Project("{8BC9CEB8-8B4A-11D0-8D11-00A0C91BC942}") = "Data Structure", "Data Structure\Data Structure.vcxproj", "{B8152C5E-B8D2-4BC5-82FB-E7FDFD6E3D76}"
EndProject
Project("{8BC9CEB8-8B4A-11D0-8D11-00A0C91BC942}") = "String", "String\String.vcxproj", "{05ADEFDB-39B9-4603-B253-D63934E9EEEE}"
EndProject
Project("{8BC9CEB8-8B4A-11D0-8D11-00A0C91BC942}") = "Integer", "Integer\Integer.vcxproj", "{B714AF33-E5AA-4857-B167-BBDACAC78280}"
EndProject
Project("{8BC9CEB8-8B4A-11D0-8D11-00A0C91BC942}") = "Geometry", "Geometry\Geometry.vcxproj", "{4F3AF343-FF38-41B2-BF5B-8720622A8678}"
EndProject
Project("{8BC9CEB8-8B4A-11D0-8D11-00A0C91BC942}") = "Grid", "Grid\Grid.vcxproj", "{E30D7035-583C-4E25-A934-CCE9504E9B23}"
EndProject
Project("{8BC9CEB8-8B4A-11D0-8D11-00A0C91BC942}") = "Logic", "Logic\Logic.vcxproj", "{338571D8-3A78-4009-8DE9-3A2782C3F551}"
EndProject
Project("{8BC9CEB8-8B4A-11D0-8D11-00A0C91BC942}") = "Matrix", "Matrix\Matrix.vcxproj", "{28DD9800-E98F-4119-BE17-230362B049C9}"
EndProject
Global
	GlobalSection(SolutionConfigurationPlatforms) = preSolution
		Debug|x64 = Debug|x64
		Debug|x86 = Debug|x86
		Release|x64 = Release|x64
		Release|x86 = Release|x86
	EndGlobalSection
	GlobalSection(ProjectConfigurationPlatforms) = postSolution
		{78FE7095-C65D-4EF4-92A0-262AA4FED90B}.Debug|x64.ActiveCfg = Debug|x64
		{78FE7095-C65D-4EF4-92A0-262AA4FED90B}.Debug|x64.Build.0 = Debug|x64
		{78FE7095-C65D-4EF4-92A0-262AA4FED90B}.Debug|x86.ActiveCfg = Debug|Win32
		{78FE7095-C65D-4EF4-92A0-262AA4FED90B}.Debug|x86.Build.0 = Debug|Win32
		{78FE7095-C65D-4EF4-92A0-262AA4FED90B}.Release|x64.ActiveCfg = Release|x64
		{78FE7095-C65D-4EF4-92A0-262AA4FED90B}.Release|x64.Build.0 = Release|x64
		{78FE7095-C65D-4EF4-92A0-262AA4FED90B}.Release|x86.ActiveCfg = Release|Win32
		{78FE7095-C65D-4EF4-92A0-262AA4FED90B}.Release|x86.Build.0 = Release|Win32
		{53914F36-5531-4F4E-A407-BC64270529E1}.Debug|x64.ActiveCfg = Debug|x64
		{53914F36-5531-4F4E-A407-BC64270529E1}.Debug|x64.Build.0 = Debug|x64
		{53914F36-5531-4F4E-A407-BC64270529E1}.Debug|x86.ActiveCfg = Debug|Win32
		{53914F36-5531-4F4E-A407-BC64270529E1}.Debug|x86.Build.0 = Debug|Win32
		{53914F36-5531-4F4E-A407-BC64270529E1}.Release|x64.ActiveCfg = Release|x64
		{53914F36-5531-4F4E-A407-BC64270529E1}.Release|x64.Build.0 = Release|x64
		{53914F36-5531-4F4E-A407-BC64270529E1}.Release|x86.ActiveCfg = Release|Win32
		{53914F36-5531-4F4E-A407-BC64270529E1}.Release|x86.Build.0 = Release|Win32
		{3A731898-1A9E-4C92-9FE6-ECC6EA68A092}.Debug|x64.ActiveCfg = Debug|x64
		{3A731898-1A9E-4C92-9FE6-ECC6EA68A092}.Debug|x64.Build.0 = Debug|x64
		{3A731898-1A9E-4C92-9FE6-ECC6EA68A092}.Debug|x86.ActiveCfg = Debug|Win32
		{3A731898-1A9E-4C92-9FE6-ECC6EA68A092}.Debug|x86.Build.0 = Debug|Win32
		{3A731898-1A9E-4C92-9FE6-ECC6EA68A092}.Release|x64.ActiveCfg = Release|x64
		{3A731898-1A9E-4C92-9FE6-ECC6EA68A092}.Release|x64.Build.0 = Release|x64
		{3A731898-1A9E-4C92-9FE6-ECC6EA68A092}.Release|x86.ActiveCfg = Release|Win32
		{3A731898-1A9E-4C92-9FE6-ECC6EA68A092}.Release|x86.Build.0 = Release|Win32
		{CAEE98A9-FD58-4B97-B0AF-5C02D796591C}.Debug|x64.ActiveCfg = Debug|x64
		{CAEE98A9-FD58-4B97-B0AF-5C02D796591C}.Debug|x64.Build.0 = Debug|x64
		{CAEE98A9-FD58-4B97-B0AF-5C02D796591C}.Debug|x86.ActiveCfg = Debug|Win32
		{CAEE98A9-FD58-4B97-B0AF-5C02D796591C}.Debug|x86.Build.0 = Debug|Win32
		{CAEE98A9-FD58-4B97-B0AF-5C02D796591C}.Release|x64.ActiveCfg = Release|x64
		{CAEE98A9-FD58-4B97-B0AF-5C02D796591C}.Release|x64.Build.0 = Release|x64
		{CAEE98A9-FD58-4B97-B0AF-5C02D796591C}.Release|x86.ActiveCfg = Release|Win32
		{CAEE98A9-FD58-4B97-B0AF-5C02D796591C}.Release|x86.Build.0 = Release|Win32
		{A2D3090A-3E15-4924-9BE9-1738DA04D192}.Debug|x64.ActiveCfg = Debug|x64
		{A2D3090A-3E15-4924-9BE9-1738DA04D192}.Debug|x64.Build.0 = Debug|x64
		{A2D3090A-3E15-4924-9BE9-1738DA04D192}.Debug|x86.ActiveCfg = Debug|Win32
		{A2D3090A-3E15-4924-9BE9-1738DA04D192}.Debug|x86.Build.0 = Debug|Win32
		{A2D3090A-3E15-4924-9BE9-1738DA04D192}.Release|x64.ActiveCfg = Release|x64
		{A2D3090A-3E15-4924-9BE9-1738DA04D192}.Release|x64.Build.0 = Release|x64
		{A2D3090A-3E15-4924-9BE9-1738DA04D192}.Release|x86.ActiveCfg = Release|Win32
		{A2D3090A-3E15-4924-9BE9-1738DA04D192}.Release|x86.Build.0 = Release|Win32
		{B8152C5E-B8D2-4BC5-82FB-E7FDFD6E3D76}.Debug|x64.ActiveCfg = Debug|x64
		{B8152C5E-B8D2-4BC5-82FB-E7FDFD6E3D76}.Debug|x64.Build.0 = Debug|x64
		{B8152C5E-B8D2-4BC5-82FB-E7FDFD6E3D76}.Debug|x86.ActiveCfg = Debug|Win32
		{B8152C5E-B8D2-4BC5-82FB-E7FDFD6E3D76}.Debug|x86.Build.0 = Debug|Win32
		{B8152C5E-B8D2-4BC5-82FB-E7FDFD6E3D76}.Release|x64.ActiveCfg = Release|x64
		{B8152C5E-B8D2-4BC5-82FB-E7FDFD6E3D76}.Release|x64.Build.0 = Release|x64
		{B8152C5E-B8D2-4BC5-82FB-E7FDFD6E3D76}.Release|x86.ActiveCfg = Release|Win32
		{B8152C5E-B8D2-4BC5-82FB-E7FDFD6E3D76}.Release|x86.Build.0 = Release|Win32
		{05ADEFDB-39B9-4603-B253-D63934E9EEEE}.Debug|x64.ActiveCfg = Debug|x64
		{05ADEFDB-39B9-4603-B253-D63934E9EEEE}.Debug|x64.Build.0 = Debug|x64
		{05ADEFDB-39B9-4603-B253-D63934E9EEEE}.Debug|x86.ActiveCfg = Debug|Win32
		{05ADEFDB-39B9-4603-B253-D63934E9EEEE}.Debug|x86.Build.0 = Debug|Win32
		{05ADEFDB-39B9-4603-B253-D63934E9EEEE}.Release|x64.ActiveCfg = Release|x64
		{05ADEFDB-39B9-4603-B253-D63934E9EEEE}.Release|x64.Build.0 = Release|x64
		{05ADEFDB-39B9-4603-B253-D63934E9EEEE}.Release|x86.ActiveCfg = Release|Win32
		{05ADEFDB-39B9-4603-B253-D63934E9EEEE}.Release|x86.Build.0 = Release|Win32
		{B714AF33-E5AA-4857-B167-BBDACAC78280}.Debug|x64.ActiveCfg = Debug|x64
		{B714AF33-E5AA-4857-B167-BBDACAC78280}.Debug|x64.Build.0 = Debug|x64
		{B714AF33-E5AA-4857-B167-BBDACAC78280}.Debug|x86.ActiveCfg = Debug|Win32
		{B714AF33-E5AA-4857-B167-BBDACAC78280}.Debug|x86.Build.0 = Debug|Win32
		{B714AF33-E5AA-4857-B167-BBDACAC78280}.Release|x64.ActiveCfg = Release|x64
		{B714AF33-E5AA-4857-B167-BBDACAC78280}.Release|x64.Build.0 = Release|x64
		{B714AF33-E5AA-4857-B167-BBDACAC78280}.Release|x86.ActiveCfg = Release|Win32
		{B714AF33-E5AA-4857-B167-BBDACAC78280}.Release|x86.Build.0 = Release|Win32
		{4F3AF343-FF38-41B2-BF5B-8720622A8678}.Debug|x64.ActiveCfg = Debug|x64
		{4F3AF343-FF38-41B2-BF5B-8720622A8678}.Debug|x64.Build.0 = Debug|x64
		{4F3AF343-FF38-41B2-BF5B-8720622A8678}.Debug|x86.ActiveCfg = Debug|Win32
		{4F3AF343-FF38-41B2-BF5B-8720622A8678}.Debug|x86.Build.0 = Debug|Win32
		{4F3AF343-FF38-41B2-BF5B-8720622A8678}.Release|x64.ActiveCfg = Release|x64
		{4F3AF343-FF38-41B2-BF5B-8720622A8678}.Release|x64.Build.0 = Release|x64
		{4F3AF343-FF38-41B2-BF5B-8720622A8678}.Release|x86.ActiveCfg = Release|Win32
		{4F3AF343-FF38-41B2-BF5B-8720622A8678}.Release|x86.Build.0 = Release|Win32
		{E30D7035-583C-4E25-A934-CCE9504E9B23}.Debug|x64.ActiveCfg = Debug|x64
		{E30D7035-583C-4E25-A934-CCE9504E9B23}.Debug|x64.Build.0 = Debug|x64
		{E30D7035-583C-4E25-A934-CCE9504E9B23}.Debug|x86.ActiveCfg = Debug|Win32
		{E30D7035-583C-4E25-A934-CCE9504E9B23}.Debug|x86.Build.0 = Debug|Win32
		{E30D7035-583C-4E25-A934-CCE9504E9B23}.Release|x64.ActiveCfg = Release|x64
		{E30D7035-583C-4E25-A934-CCE9504E9B23}.Release|x64.Build.0 = Release|x64
		{E30D7035-583C-4E25-A934-CCE9504E9B23}.Release|x86.ActiveCfg = Release|Win32
		{E30D7035-583C-4E25-A934-CCE9504E9B23}.Release|x86.Build.0 = Release|Win32
		{338571D8-3A78-4009-8DE9-3A2782C3F551}.Debug|x64.ActiveCfg = Debug|x64
		{338571D8-3A78-4009-8DE9-3A2782C3F551}.Debug|x64.Build.0 = Debug|x64
		{338571D8-3A78-4009-8DE9-3A2782C3F551}.Debug|x86.ActiveCfg = Debug|Win32
		{338571D8-3A78-4009-8DE9-3A2782C3F551}.Debug|x86.Build.0 = Debug|Win32
		{338571D8-3A78-4009-8DE9-3A2782C3F551}.Release|x64.ActiveCfg = Release|x64
		{338571D8-3A78-4009-8DE9-3A2782C3F551}.Release|x64.Build.0 = Release|x64
		{338571D8-3A78-4009-8DE9-3A2782C3F551}.Release|x86.ActiveCfg = Release|Win32
		{338571D8-3A78-4009-8DE9-3A2782C3F551}.Release|x86.Build.0 = Release|Win32
		{28DD9800-E98F-4119-BE17-230362B049C9}.Debug|x64.ActiveCfg = Debug|x64
		{28DD9800-E98F-4119-BE17-230362B049C9}.Debug|x64.Build.0 = Debug|x64
		{28DD9800-E98F-4119-BE17-230362B049C9}.Debug|x86.ActiveCfg = Debug|Win32
		{28DD9800-E98F-4119-BE17-230362B049C9}.Debug|x86.Build.0 = Debug|Win32
		{28DD9800-E98F-4119-BE17-230362B049C9}.Release|x64.ActiveCfg = Release|x64
		{28DD9800-E98F-4119-BE17-230362B049C9}.Release|x64.Build.0 = Release|x64
		{28DD9800-E98F-4119-BE17-230362B049C9}.Release|x86.ActiveCfg = Release|Win32
		{28DD9800-E98F-4119-BE17-230362B049C9}.Release|x86.Build.0 = Release|Win32
	EndGlobalSection
	GlobalSection(SolutionProperties) = preSolution
		HideSolutionNode = FALSE
	EndGlobalSection
	GlobalSection(ExtensibilityGlobals) = postSolution
		SolutionGuid = {828864F8-83AF-4905-8A9C-7C0888A75375}
	EndGlobalSection
EndGlobal
