
Microsoft Visual Studio Solution File, Format Version 12.00
# Visual Studio Version 16
VisualStudioVersion = 16.0.29209.62
MinimumVisualStudioVersion = 10.0.40219.1
Project("{8BC9CEB8-8B4A-11D0-8D11-00A0C91BC942}") = "ABC100", "ABC100.vcxproj", "{08A331A6-53F0-4A5A-A285-67CEE24F5DA9}"
EndProject
Global
	GlobalSection(SolutionConfigurationPlatforms) = preSolution
		Debug|x64 = Debug|x64
		Debug|x86 = Debug|x86
		Release|x64 = Release|x64
		Release|x86 = Release|x86
	EndGlobalSection
	GlobalSection(ProjectConfigurationPlatforms) = postSolution
		{08A331A6-53F0-4A5A-A285-67CEE24F5DA9}.Debug|x64.ActiveCfg = Debug|x64
		{08A331A6-53F0-4A5A-A285-67CEE24F5DA9}.Debug|x64.Build.0 = Debug|x64
		{08A331A6-53F0-4A5A-A285-67CEE24F5DA9}.Debug|x86.ActiveCfg = Debug|Win32
		{08A331A6-53F0-4A5A-A285-67CEE24F5DA9}.Debug|x86.Build.0 = Debug|Win32
		{08A331A6-53F0-4A5A-A285-67CEE24F5DA9}.Release|x64.ActiveCfg = Release|x64
		{08A331A6-53F0-4A5A-A285-67CEE24F5DA9}.Release|x64.Build.0 = Release|x64
		{08A331A6-53F0-4A5A-A285-67CEE24F5DA9}.Release|x86.ActiveCfg = Release|Win32
		{08A331A6-53F0-4A5A-A285-67CEE24F5DA9}.Release|x86.Build.0 = Release|Win32
	EndGlobalSection
	GlobalSection(SolutionProperties) = preSolution
		HideSolutionNode = FALSE
	EndGlobalSection
	GlobalSection(ExtensibilityGlobals) = postSolution
		SolutionGuid = {3F804263-C78C-4B35-B934-533FEFCF2923}
	EndGlobalSection
EndGlobal
