
Microsoft Visual Studio Solution File, Format Version 12.00
# Visual Studio Version 16
VisualStudioVersion = 16.0.29209.62
MinimumVisualStudioVersion = 10.0.40219.1
Project("{8BC9CEB8-8B4A-11D0-8D11-00A0C91BC942}") = "ABC039", "ABC039.vcxproj", "{47FFA191-33E7-48F1-9885-CC1543261FDC}"
EndProject
Global
	GlobalSection(SolutionConfigurationPlatforms) = preSolution
		Debug|x64 = Debug|x64
		Debug|x86 = Debug|x86
		Release|x64 = Release|x64
		Release|x86 = Release|x86
	EndGlobalSection
	GlobalSection(ProjectConfigurationPlatforms) = postSolution
		{47FFA191-33E7-48F1-9885-CC1543261FDC}.Debug|x64.ActiveCfg = Debug|x64
		{47FFA191-33E7-48F1-9885-CC1543261FDC}.Debug|x64.Build.0 = Debug|x64
		{47FFA191-33E7-48F1-9885-CC1543261FDC}.Debug|x86.ActiveCfg = Debug|Win32
		{47FFA191-33E7-48F1-9885-CC1543261FDC}.Debug|x86.Build.0 = Debug|Win32
		{47FFA191-33E7-48F1-9885-CC1543261FDC}.Release|x64.ActiveCfg = Release|x64
		{47FFA191-33E7-48F1-9885-CC1543261FDC}.Release|x64.Build.0 = Release|x64
		{47FFA191-33E7-48F1-9885-CC1543261FDC}.Release|x86.ActiveCfg = Release|Win32
		{47FFA191-33E7-48F1-9885-CC1543261FDC}.Release|x86.Build.0 = Release|Win32
	EndGlobalSection
	GlobalSection(SolutionProperties) = preSolution
		HideSolutionNode = FALSE
	EndGlobalSection
	GlobalSection(ExtensibilityGlobals) = postSolution
		SolutionGuid = {E400D840-275B-4947-95B3-C3823469B420}
	EndGlobalSection
EndGlobal
