
Microsoft Visual Studio Solution File, Format Version 12.00
# Visual Studio Version 16
VisualStudioVersion = 16.0.29306.81
MinimumVisualStudioVersion = 10.0.40219.1
Project("{8BC9CEB8-8B4A-11D0-8D11-00A0C91BC942}") = "A", "A\A.vcxproj", "{CF4F5614-C8D6-4C62-9AD1-F847B867B5E2}"
EndProject
Project("{8BC9CEB8-8B4A-11D0-8D11-00A0C91BC942}") = "B", "B\B.vcxproj", "{094C044E-A23B-4FA3-9E30-0D5CED52CCB7}"
EndProject
Project("{8BC9CEB8-8B4A-11D0-8D11-00A0C91BC942}") = "C", "C\C.vcxproj", "{2F7BC2B4-54F6-40D9-8B6F-0CE297F9DF0F}"
EndProject
Project("{8BC9CEB8-8B4A-11D0-8D11-00A0C91BC942}") = "D", "D\D.vcxproj", "{ABDA4986-8D09-4D34-95E5-538EE26B6EAA}"
EndProject
Project("{8BC9CEB8-8B4A-11D0-8D11-00A0C91BC942}") = "E", "E\E.vcxproj", "{A5DFF123-4C65-4AD7-98F0-63BB612AB537}"
EndProject
Project("{8BC9CEB8-8B4A-11D0-8D11-00A0C91BC942}") = "F", "F\F.vcxproj", "{5F487EFF-D481-49A8-910A-3BCB0402875D}"
EndProject
Project("{8BC9CEB8-8B4A-11D0-8D11-00A0C91BC942}") = "template", "template\template.vcxproj", "{5E2DEE5C-740C-4FA8-BBEB-0BF9B9172151}"
EndProject
Global
	GlobalSection(SolutionConfigurationPlatforms) = preSolution
		Debug|x64 = Debug|x64
		Debug|x86 = Debug|x86
		Release|x64 = Release|x64
		Release|x86 = Release|x86
	EndGlobalSection
	GlobalSection(ProjectConfigurationPlatforms) = postSolution
		{CF4F5614-C8D6-4C62-9AD1-F847B867B5E2}.Debug|x64.ActiveCfg = Debug|x64
		{CF4F5614-C8D6-4C62-9AD1-F847B867B5E2}.Debug|x64.Build.0 = Debug|x64
		{CF4F5614-C8D6-4C62-9AD1-F847B867B5E2}.Debug|x86.ActiveCfg = Debug|Win32
		{CF4F5614-C8D6-4C62-9AD1-F847B867B5E2}.Debug|x86.Build.0 = Debug|Win32
		{CF4F5614-C8D6-4C62-9AD1-F847B867B5E2}.Release|x64.ActiveCfg = Release|x64
		{CF4F5614-C8D6-4C62-9AD1-F847B867B5E2}.Release|x64.Build.0 = Release|x64
		{CF4F5614-C8D6-4C62-9AD1-F847B867B5E2}.Release|x86.ActiveCfg = Release|Win32
		{CF4F5614-C8D6-4C62-9AD1-F847B867B5E2}.Release|x86.Build.0 = Release|Win32
		{094C044E-A23B-4FA3-9E30-0D5CED52CCB7}.Debug|x64.ActiveCfg = Debug|x64
		{094C044E-A23B-4FA3-9E30-0D5CED52CCB7}.Debug|x64.Build.0 = Debug|x64
		{094C044E-A23B-4FA3-9E30-0D5CED52CCB7}.Debug|x86.ActiveCfg = Debug|Win32
		{094C044E-A23B-4FA3-9E30-0D5CED52CCB7}.Debug|x86.Build.0 = Debug|Win32
		{094C044E-A23B-4FA3-9E30-0D5CED52CCB7}.Release|x64.ActiveCfg = Release|x64
		{094C044E-A23B-4FA3-9E30-0D5CED52CCB7}.Release|x64.Build.0 = Release|x64
		{094C044E-A23B-4FA3-9E30-0D5CED52CCB7}.Release|x86.ActiveCfg = Release|Win32
		{094C044E-A23B-4FA3-9E30-0D5CED52CCB7}.Release|x86.Build.0 = Release|Win32
		{2F7BC2B4-54F6-40D9-8B6F-0CE297F9DF0F}.Debug|x64.ActiveCfg = Debug|x64
		{2F7BC2B4-54F6-40D9-8B6F-0CE297F9DF0F}.Debug|x64.Build.0 = Debug|x64
		{2F7BC2B4-54F6-40D9-8B6F-0CE297F9DF0F}.Debug|x86.ActiveCfg = Debug|Win32
		{2F7BC2B4-54F6-40D9-8B6F-0CE297F9DF0F}.Debug|x86.Build.0 = Debug|Win32
		{2F7BC2B4-54F6-40D9-8B6F-0CE297F9DF0F}.Release|x64.ActiveCfg = Release|x64
		{2F7BC2B4-54F6-40D9-8B6F-0CE297F9DF0F}.Release|x64.Build.0 = Release|x64
		{2F7BC2B4-54F6-40D9-8B6F-0CE297F9DF0F}.Release|x86.ActiveCfg = Release|Win32
		{2F7BC2B4-54F6-40D9-8B6F-0CE297F9DF0F}.Release|x86.Build.0 = Release|Win32
		{ABDA4986-8D09-4D34-95E5-538EE26B6EAA}.Debug|x64.ActiveCfg = Debug|x64
		{ABDA4986-8D09-4D34-95E5-538EE26B6EAA}.Debug|x64.Build.0 = Debug|x64
		{ABDA4986-8D09-4D34-95E5-538EE26B6EAA}.Debug|x86.ActiveCfg = Debug|Win32
		{ABDA4986-8D09-4D34-95E5-538EE26B6EAA}.Debug|x86.Build.0 = Debug|Win32
		{ABDA4986-8D09-4D34-95E5-538EE26B6EAA}.Release|x64.ActiveCfg = Release|x64
		{ABDA4986-8D09-4D34-95E5-538EE26B6EAA}.Release|x64.Build.0 = Release|x64
		{ABDA4986-8D09-4D34-95E5-538EE26B6EAA}.Release|x86.ActiveCfg = Release|Win32
		{ABDA4986-8D09-4D34-95E5-538EE26B6EAA}.Release|x86.Build.0 = Release|Win32
		{A5DFF123-4C65-4AD7-98F0-63BB612AB537}.Debug|x64.ActiveCfg = Debug|x64
		{A5DFF123-4C65-4AD7-98F0-63BB612AB537}.Debug|x64.Build.0 = Debug|x64
		{A5DFF123-4C65-4AD7-98F0-63BB612AB537}.Debug|x86.ActiveCfg = Debug|Win32
		{A5DFF123-4C65-4AD7-98F0-63BB612AB537}.Debug|x86.Build.0 = Debug|Win32
		{A5DFF123-4C65-4AD7-98F0-63BB612AB537}.Release|x64.ActiveCfg = Release|x64
		{A5DFF123-4C65-4AD7-98F0-63BB612AB537}.Release|x64.Build.0 = Release|x64
		{A5DFF123-4C65-4AD7-98F0-63BB612AB537}.Release|x86.ActiveCfg = Release|Win32
		{A5DFF123-4C65-4AD7-98F0-63BB612AB537}.Release|x86.Build.0 = Release|Win32
		{5F487EFF-D481-49A8-910A-3BCB0402875D}.Debug|x64.ActiveCfg = Debug|x64
		{5F487EFF-D481-49A8-910A-3BCB0402875D}.Debug|x64.Build.0 = Debug|x64
		{5F487EFF-D481-49A8-910A-3BCB0402875D}.Debug|x86.ActiveCfg = Debug|Win32
		{5F487EFF-D481-49A8-910A-3BCB0402875D}.Debug|x86.Build.0 = Debug|Win32
		{5F487EFF-D481-49A8-910A-3BCB0402875D}.Release|x64.ActiveCfg = Release|x64
		{5F487EFF-D481-49A8-910A-3BCB0402875D}.Release|x64.Build.0 = Release|x64
		{5F487EFF-D481-49A8-910A-3BCB0402875D}.Release|x86.ActiveCfg = Release|Win32
		{5F487EFF-D481-49A8-910A-3BCB0402875D}.Release|x86.Build.0 = Release|Win32
		{5E2DEE5C-740C-4FA8-BBEB-0BF9B9172151}.Debug|x64.ActiveCfg = Debug|x64
		{5E2DEE5C-740C-4FA8-BBEB-0BF9B9172151}.Debug|x64.Build.0 = Debug|x64
		{5E2DEE5C-740C-4FA8-BBEB-0BF9B9172151}.Debug|x86.ActiveCfg = Debug|Win32
		{5E2DEE5C-740C-4FA8-BBEB-0BF9B9172151}.Debug|x86.Build.0 = Debug|Win32
		{5E2DEE5C-740C-4FA8-BBEB-0BF9B9172151}.Release|x64.ActiveCfg = Release|x64
		{5E2DEE5C-740C-4FA8-BBEB-0BF9B9172151}.Release|x64.Build.0 = Release|x64
		{5E2DEE5C-740C-4FA8-BBEB-0BF9B9172151}.Release|x86.ActiveCfg = Release|Win32
		{5E2DEE5C-740C-4FA8-BBEB-0BF9B9172151}.Release|x86.Build.0 = Release|Win32
	EndGlobalSection
	GlobalSection(SolutionProperties) = preSolution
		HideSolutionNode = FALSE
	EndGlobalSection
	GlobalSection(ExtensibilityGlobals) = postSolution
		SolutionGuid = {1340AA3C-7D02-43FA-8783-AEA63627F8FE}
	EndGlobalSection
EndGlobal
