
Microsoft Visual Studio Solution File, Format Version 12.00
# Visual Studio Version 16
VisualStudioVersion = 16.0.29306.81
MinimumVisualStudioVersion = 10.0.40219.1
Project("{8BC9CEB8-8B4A-11D0-8D11-00A0C91BC942}") = "A", "A\A.vcxproj", "{4356758E-CF00-48FA-88CD-B40FFC1D5AF4}"
EndProject
Project("{8BC9CEB8-8B4A-11D0-8D11-00A0C91BC942}") = "B", "B\B.vcxproj", "{E69B2878-302A-439D-9837-5D32613C7FBF}"
EndProject
Project("{8BC9CEB8-8B4A-11D0-8D11-00A0C91BC942}") = "C", "C\C.vcxproj", "{9C74C775-6B04-4059-AAC4-85AE8D18F9D9}"
EndProject
Project("{8BC9CEB8-8B4A-11D0-8D11-00A0C91BC942}") = "D", "D\D.vcxproj", "{B60C1D5D-E7D9-4905-9A8E-DA62B58C1D1C}"
EndProject
Project("{8BC9CEB8-8B4A-11D0-8D11-00A0C91BC942}") = "E", "E\E.vcxproj", "{B7377CE5-FBAC-444E-BAAF-3FD685BA57E3}"
EndProject
Project("{8BC9CEB8-8B4A-11D0-8D11-00A0C91BC942}") = "F", "F\F.vcxproj", "{5CA6E3B7-70DC-494A-B646-1B6DA2414A1D}"
EndProject
Project("{8BC9CEB8-8B4A-11D0-8D11-00A0C91BC942}") = "template", "template\template.vcxproj", "{C714A466-8795-4EDB-8161-D90A29CBD23F}"
EndProject
Global
	GlobalSection(SolutionConfigurationPlatforms) = preSolution
		Debug|x64 = Debug|x64
		Debug|x86 = Debug|x86
		Release|x64 = Release|x64
		Release|x86 = Release|x86
	EndGlobalSection
	GlobalSection(ProjectConfigurationPlatforms) = postSolution
		{4356758E-CF00-48FA-88CD-B40FFC1D5AF4}.Debug|x64.ActiveCfg = Debug|x64
		{4356758E-CF00-48FA-88CD-B40FFC1D5AF4}.Debug|x64.Build.0 = Debug|x64
		{4356758E-CF00-48FA-88CD-B40FFC1D5AF4}.Debug|x86.ActiveCfg = Debug|Win32
		{4356758E-CF00-48FA-88CD-B40FFC1D5AF4}.Debug|x86.Build.0 = Debug|Win32
		{4356758E-CF00-48FA-88CD-B40FFC1D5AF4}.Release|x64.ActiveCfg = Release|x64
		{4356758E-CF00-48FA-88CD-B40FFC1D5AF4}.Release|x64.Build.0 = Release|x64
		{4356758E-CF00-48FA-88CD-B40FFC1D5AF4}.Release|x86.ActiveCfg = Release|Win32
		{4356758E-CF00-48FA-88CD-B40FFC1D5AF4}.Release|x86.Build.0 = Release|Win32
		{E69B2878-302A-439D-9837-5D32613C7FBF}.Debug|x64.ActiveCfg = Debug|x64
		{E69B2878-302A-439D-9837-5D32613C7FBF}.Debug|x64.Build.0 = Debug|x64
		{E69B2878-302A-439D-9837-5D32613C7FBF}.Debug|x86.ActiveCfg = Debug|Win32
		{E69B2878-302A-439D-9837-5D32613C7FBF}.Debug|x86.Build.0 = Debug|Win32
		{E69B2878-302A-439D-9837-5D32613C7FBF}.Release|x64.ActiveCfg = Release|x64
		{E69B2878-302A-439D-9837-5D32613C7FBF}.Release|x64.Build.0 = Release|x64
		{E69B2878-302A-439D-9837-5D32613C7FBF}.Release|x86.ActiveCfg = Release|Win32
		{E69B2878-302A-439D-9837-5D32613C7FBF}.Release|x86.Build.0 = Release|Win32
		{9C74C775-6B04-4059-AAC4-85AE8D18F9D9}.Debug|x64.ActiveCfg = Debug|x64
		{9C74C775-6B04-4059-AAC4-85AE8D18F9D9}.Debug|x64.Build.0 = Debug|x64
		{9C74C775-6B04-4059-AAC4-85AE8D18F9D9}.Debug|x86.ActiveCfg = Debug|Win32
		{9C74C775-6B04-4059-AAC4-85AE8D18F9D9}.Debug|x86.Build.0 = Debug|Win32
		{9C74C775-6B04-4059-AAC4-85AE8D18F9D9}.Release|x64.ActiveCfg = Release|x64
		{9C74C775-6B04-4059-AAC4-85AE8D18F9D9}.Release|x64.Build.0 = Release|x64
		{9C74C775-6B04-4059-AAC4-85AE8D18F9D9}.Release|x86.ActiveCfg = Release|Win32
		{9C74C775-6B04-4059-AAC4-85AE8D18F9D9}.Release|x86.Build.0 = Release|Win32
		{B60C1D5D-E7D9-4905-9A8E-DA62B58C1D1C}.Debug|x64.ActiveCfg = Debug|x64
		{B60C1D5D-E7D9-4905-9A8E-DA62B58C1D1C}.Debug|x64.Build.0 = Debug|x64
		{B60C1D5D-E7D9-4905-9A8E-DA62B58C1D1C}.Debug|x86.ActiveCfg = Debug|Win32
		{B60C1D5D-E7D9-4905-9A8E-DA62B58C1D1C}.Debug|x86.Build.0 = Debug|Win32
		{B60C1D5D-E7D9-4905-9A8E-DA62B58C1D1C}.Release|x64.ActiveCfg = Release|x64
		{B60C1D5D-E7D9-4905-9A8E-DA62B58C1D1C}.Release|x64.Build.0 = Release|x64
		{B60C1D5D-E7D9-4905-9A8E-DA62B58C1D1C}.Release|x86.ActiveCfg = Release|Win32
		{B60C1D5D-E7D9-4905-9A8E-DA62B58C1D1C}.Release|x86.Build.0 = Release|Win32
		{B7377CE5-FBAC-444E-BAAF-3FD685BA57E3}.Debug|x64.ActiveCfg = Debug|x64
		{B7377CE5-FBAC-444E-BAAF-3FD685BA57E3}.Debug|x64.Build.0 = Debug|x64
		{B7377CE5-FBAC-444E-BAAF-3FD685BA57E3}.Debug|x86.ActiveCfg = Debug|Win32
		{B7377CE5-FBAC-444E-BAAF-3FD685BA57E3}.Debug|x86.Build.0 = Debug|Win32
		{B7377CE5-FBAC-444E-BAAF-3FD685BA57E3}.Release|x64.ActiveCfg = Release|x64
		{B7377CE5-FBAC-444E-BAAF-3FD685BA57E3}.Release|x64.Build.0 = Release|x64
		{B7377CE5-FBAC-444E-BAAF-3FD685BA57E3}.Release|x86.ActiveCfg = Release|Win32
		{B7377CE5-FBAC-444E-BAAF-3FD685BA57E3}.Release|x86.Build.0 = Release|Win32
		{5CA6E3B7-70DC-494A-B646-1B6DA2414A1D}.Debug|x64.ActiveCfg = Debug|x64
		{5CA6E3B7-70DC-494A-B646-1B6DA2414A1D}.Debug|x64.Build.0 = Debug|x64
		{5CA6E3B7-70DC-494A-B646-1B6DA2414A1D}.Debug|x86.ActiveCfg = Debug|Win32
		{5CA6E3B7-70DC-494A-B646-1B6DA2414A1D}.Debug|x86.Build.0 = Debug|Win32
		{5CA6E3B7-70DC-494A-B646-1B6DA2414A1D}.Release|x64.ActiveCfg = Release|x64
		{5CA6E3B7-70DC-494A-B646-1B6DA2414A1D}.Release|x64.Build.0 = Release|x64
		{5CA6E3B7-70DC-494A-B646-1B6DA2414A1D}.Release|x86.ActiveCfg = Release|Win32
		{5CA6E3B7-70DC-494A-B646-1B6DA2414A1D}.Release|x86.Build.0 = Release|Win32
		{C714A466-8795-4EDB-8161-D90A29CBD23F}.Debug|x64.ActiveCfg = Debug|x64
		{C714A466-8795-4EDB-8161-D90A29CBD23F}.Debug|x64.Build.0 = Debug|x64
		{C714A466-8795-4EDB-8161-D90A29CBD23F}.Debug|x86.ActiveCfg = Debug|Win32
		{C714A466-8795-4EDB-8161-D90A29CBD23F}.Debug|x86.Build.0 = Debug|Win32
		{C714A466-8795-4EDB-8161-D90A29CBD23F}.Release|x64.ActiveCfg = Release|x64
		{C714A466-8795-4EDB-8161-D90A29CBD23F}.Release|x64.Build.0 = Release|x64
		{C714A466-8795-4EDB-8161-D90A29CBD23F}.Release|x86.ActiveCfg = Release|Win32
		{C714A466-8795-4EDB-8161-D90A29CBD23F}.Release|x86.Build.0 = Release|Win32
	EndGlobalSection
	GlobalSection(SolutionProperties) = preSolution
		HideSolutionNode = FALSE
	EndGlobalSection
	GlobalSection(ExtensibilityGlobals) = postSolution
		SolutionGuid = {F45ED2E7-1CA8-49B2-92E5-4B79C01B3B7E}
	EndGlobalSection
EndGlobal
