
Microsoft Visual Studio Solution File, Format Version 12.00
# Visual Studio Version 16
VisualStudioVersion = 16.0.29306.81
MinimumVisualStudioVersion = 10.0.40219.1
Project("{8BC9CEB8-8B4A-11D0-8D11-00A0C91BC942}") = "A", "A\A.vcxproj", "{D5EEFBB2-7877-499F-A707-4DDCFC4FFA53}"
EndProject
Project("{8BC9CEB8-8B4A-11D0-8D11-00A0C91BC942}") = "B", "B\B.vcxproj", "{227238E3-4C8B-473A-861B-D7D70F685C94}"
EndProject
Project("{8BC9CEB8-8B4A-11D0-8D11-00A0C91BC942}") = "C", "C\C.vcxproj", "{3CCFFC02-1C03-4C9D-AF2A-D0CF46F76F4E}"
EndProject
Project("{8BC9CEB8-8B4A-11D0-8D11-00A0C91BC942}") = "D", "D\D.vcxproj", "{C8E18AE3-3427-45FB-BB67-C56233C5B895}"
EndProject
Project("{8BC9CEB8-8B4A-11D0-8D11-00A0C91BC942}") = "E", "E\E.vcxproj", "{D1423DB8-3A7F-4727-A024-FD8153929970}"
EndProject
Project("{8BC9CEB8-8B4A-11D0-8D11-00A0C91BC942}") = "F", "F\F.vcxproj", "{F4A3C8AA-405F-4D4D-A019-CECD02C0EA0D}"
EndProject
Project("{8BC9CEB8-8B4A-11D0-8D11-00A0C91BC942}") = "template", "template\template.vcxproj", "{DE95CF51-6230-4314-8590-90BCEE08AD01}"
EndProject
Global
	GlobalSection(SolutionConfigurationPlatforms) = preSolution
		Debug|x64 = Debug|x64
		Debug|x86 = Debug|x86
		Release|x64 = Release|x64
		Release|x86 = Release|x86
	EndGlobalSection
	GlobalSection(ProjectConfigurationPlatforms) = postSolution
		{D5EEFBB2-7877-499F-A707-4DDCFC4FFA53}.Debug|x64.ActiveCfg = Debug|x64
		{D5EEFBB2-7877-499F-A707-4DDCFC4FFA53}.Debug|x64.Build.0 = Debug|x64
		{D5EEFBB2-7877-499F-A707-4DDCFC4FFA53}.Debug|x86.ActiveCfg = Debug|Win32
		{D5EEFBB2-7877-499F-A707-4DDCFC4FFA53}.Debug|x86.Build.0 = Debug|Win32
		{D5EEFBB2-7877-499F-A707-4DDCFC4FFA53}.Release|x64.ActiveCfg = Release|x64
		{D5EEFBB2-7877-499F-A707-4DDCFC4FFA53}.Release|x64.Build.0 = Release|x64
		{D5EEFBB2-7877-499F-A707-4DDCFC4FFA53}.Release|x86.ActiveCfg = Release|Win32
		{D5EEFBB2-7877-499F-A707-4DDCFC4FFA53}.Release|x86.Build.0 = Release|Win32
		{227238E3-4C8B-473A-861B-D7D70F685C94}.Debug|x64.ActiveCfg = Debug|x64
		{227238E3-4C8B-473A-861B-D7D70F685C94}.Debug|x64.Build.0 = Debug|x64
		{227238E3-4C8B-473A-861B-D7D70F685C94}.Debug|x86.ActiveCfg = Debug|Win32
		{227238E3-4C8B-473A-861B-D7D70F685C94}.Debug|x86.Build.0 = Debug|Win32
		{227238E3-4C8B-473A-861B-D7D70F685C94}.Release|x64.ActiveCfg = Release|x64
		{227238E3-4C8B-473A-861B-D7D70F685C94}.Release|x64.Build.0 = Release|x64
		{227238E3-4C8B-473A-861B-D7D70F685C94}.Release|x86.ActiveCfg = Release|Win32
		{227238E3-4C8B-473A-861B-D7D70F685C94}.Release|x86.Build.0 = Release|Win32
		{3CCFFC02-1C03-4C9D-AF2A-D0CF46F76F4E}.Debug|x64.ActiveCfg = Debug|x64
		{3CCFFC02-1C03-4C9D-AF2A-D0CF46F76F4E}.Debug|x64.Build.0 = Debug|x64
		{3CCFFC02-1C03-4C9D-AF2A-D0CF46F76F4E}.Debug|x86.ActiveCfg = Debug|Win32
		{3CCFFC02-1C03-4C9D-AF2A-D0CF46F76F4E}.Debug|x86.Build.0 = Debug|Win32
		{3CCFFC02-1C03-4C9D-AF2A-D0CF46F76F4E}.Release|x64.ActiveCfg = Release|x64
		{3CCFFC02-1C03-4C9D-AF2A-D0CF46F76F4E}.Release|x64.Build.0 = Release|x64
		{3CCFFC02-1C03-4C9D-AF2A-D0CF46F76F4E}.Release|x86.ActiveCfg = Release|Win32
		{3CCFFC02-1C03-4C9D-AF2A-D0CF46F76F4E}.Release|x86.Build.0 = Release|Win32
		{C8E18AE3-3427-45FB-BB67-C56233C5B895}.Debug|x64.ActiveCfg = Debug|x64
		{C8E18AE3-3427-45FB-BB67-C56233C5B895}.Debug|x64.Build.0 = Debug|x64
		{C8E18AE3-3427-45FB-BB67-C56233C5B895}.Debug|x86.ActiveCfg = Debug|Win32
		{C8E18AE3-3427-45FB-BB67-C56233C5B895}.Debug|x86.Build.0 = Debug|Win32
		{C8E18AE3-3427-45FB-BB67-C56233C5B895}.Release|x64.ActiveCfg = Release|x64
		{C8E18AE3-3427-45FB-BB67-C56233C5B895}.Release|x64.Build.0 = Release|x64
		{C8E18AE3-3427-45FB-BB67-C56233C5B895}.Release|x86.ActiveCfg = Release|Win32
		{C8E18AE3-3427-45FB-BB67-C56233C5B895}.Release|x86.Build.0 = Release|Win32
		{D1423DB8-3A7F-4727-A024-FD8153929970}.Debug|x64.ActiveCfg = Debug|x64
		{D1423DB8-3A7F-4727-A024-FD8153929970}.Debug|x64.Build.0 = Debug|x64
		{D1423DB8-3A7F-4727-A024-FD8153929970}.Debug|x86.ActiveCfg = Debug|Win32
		{D1423DB8-3A7F-4727-A024-FD8153929970}.Debug|x86.Build.0 = Debug|Win32
		{D1423DB8-3A7F-4727-A024-FD8153929970}.Release|x64.ActiveCfg = Release|x64
		{D1423DB8-3A7F-4727-A024-FD8153929970}.Release|x64.Build.0 = Release|x64
		{D1423DB8-3A7F-4727-A024-FD8153929970}.Release|x86.ActiveCfg = Release|Win32
		{D1423DB8-3A7F-4727-A024-FD8153929970}.Release|x86.Build.0 = Release|Win32
		{F4A3C8AA-405F-4D4D-A019-CECD02C0EA0D}.Debug|x64.ActiveCfg = Debug|x64
		{F4A3C8AA-405F-4D4D-A019-CECD02C0EA0D}.Debug|x64.Build.0 = Debug|x64
		{F4A3C8AA-405F-4D4D-A019-CECD02C0EA0D}.Debug|x86.ActiveCfg = Debug|Win32
		{F4A3C8AA-405F-4D4D-A019-CECD02C0EA0D}.Debug|x86.Build.0 = Debug|Win32
		{F4A3C8AA-405F-4D4D-A019-CECD02C0EA0D}.Release|x64.ActiveCfg = Release|x64
		{F4A3C8AA-405F-4D4D-A019-CECD02C0EA0D}.Release|x64.Build.0 = Release|x64
		{F4A3C8AA-405F-4D4D-A019-CECD02C0EA0D}.Release|x86.ActiveCfg = Release|Win32
		{F4A3C8AA-405F-4D4D-A019-CECD02C0EA0D}.Release|x86.Build.0 = Release|Win32
		{DE95CF51-6230-4314-8590-90BCEE08AD01}.Debug|x64.ActiveCfg = Debug|x64
		{DE95CF51-6230-4314-8590-90BCEE08AD01}.Debug|x64.Build.0 = Debug|x64
		{DE95CF51-6230-4314-8590-90BCEE08AD01}.Debug|x86.ActiveCfg = Debug|Win32
		{DE95CF51-6230-4314-8590-90BCEE08AD01}.Debug|x86.Build.0 = Debug|Win32
		{DE95CF51-6230-4314-8590-90BCEE08AD01}.Release|x64.ActiveCfg = Release|x64
		{DE95CF51-6230-4314-8590-90BCEE08AD01}.Release|x64.Build.0 = Release|x64
		{DE95CF51-6230-4314-8590-90BCEE08AD01}.Release|x86.ActiveCfg = Release|Win32
		{DE95CF51-6230-4314-8590-90BCEE08AD01}.Release|x86.Build.0 = Release|Win32
	EndGlobalSection
	GlobalSection(SolutionProperties) = preSolution
		HideSolutionNode = FALSE
	EndGlobalSection
	GlobalSection(ExtensibilityGlobals) = postSolution
		SolutionGuid = {718DFD01-1574-468D-858A-675CFB0E0A20}
	EndGlobalSection
EndGlobal
