
Microsoft Visual Studio Solution File, Format Version 12.00
# Visual Studio Version 16
VisualStudioVersion = 16.0.29306.81
MinimumVisualStudioVersion = 10.0.40219.1
Project("{8BC9CEB8-8B4A-11D0-8D11-00A0C91BC942}") = "A", "A\A.vcxproj", "{71C0A9BF-D483-487E-87A1-1A6EE623934C}"
EndProject
Project("{8BC9CEB8-8B4A-11D0-8D11-00A0C91BC942}") = "B", "B\B.vcxproj", "{731BAC37-7EF7-4115-8F3C-FA90A4502F3E}"
EndProject
Project("{8BC9CEB8-8B4A-11D0-8D11-00A0C91BC942}") = "C", "C\C.vcxproj", "{A7753FCC-8FCA-4875-87E4-E455A9BB254C}"
EndProject
Project("{8BC9CEB8-8B4A-11D0-8D11-00A0C91BC942}") = "D", "D\D.vcxproj", "{07ED65AD-990B-4A07-88E0-FE83307F1C43}"
EndProject
Project("{8BC9CEB8-8B4A-11D0-8D11-00A0C91BC942}") = "template", "template\template.vcxproj", "{19821E46-EF28-4274-9F72-027D60D04428}"
EndProject
Global
	GlobalSection(SolutionConfigurationPlatforms) = preSolution
		Debug|x64 = Debug|x64
		Debug|x86 = Debug|x86
		Release|x64 = Release|x64
		Release|x86 = Release|x86
	EndGlobalSection
	GlobalSection(ProjectConfigurationPlatforms) = postSolution
		{71C0A9BF-D483-487E-87A1-1A6EE623934C}.Debug|x64.ActiveCfg = Debug|x64
		{71C0A9BF-D483-487E-87A1-1A6EE623934C}.Debug|x64.Build.0 = Debug|x64
		{71C0A9BF-D483-487E-87A1-1A6EE623934C}.Debug|x86.ActiveCfg = Debug|Win32
		{71C0A9BF-D483-487E-87A1-1A6EE623934C}.Debug|x86.Build.0 = Debug|Win32
		{71C0A9BF-D483-487E-87A1-1A6EE623934C}.Release|x64.ActiveCfg = Release|x64
		{71C0A9BF-D483-487E-87A1-1A6EE623934C}.Release|x64.Build.0 = Release|x64
		{71C0A9BF-D483-487E-87A1-1A6EE623934C}.Release|x86.ActiveCfg = Release|Win32
		{71C0A9BF-D483-487E-87A1-1A6EE623934C}.Release|x86.Build.0 = Release|Win32
		{731BAC37-7EF7-4115-8F3C-FA90A4502F3E}.Debug|x64.ActiveCfg = Debug|x64
		{731BAC37-7EF7-4115-8F3C-FA90A4502F3E}.Debug|x64.Build.0 = Debug|x64
		{731BAC37-7EF7-4115-8F3C-FA90A4502F3E}.Debug|x86.ActiveCfg = Debug|Win32
		{731BAC37-7EF7-4115-8F3C-FA90A4502F3E}.Debug|x86.Build.0 = Debug|Win32
		{731BAC37-7EF7-4115-8F3C-FA90A4502F3E}.Release|x64.ActiveCfg = Release|x64
		{731BAC37-7EF7-4115-8F3C-FA90A4502F3E}.Release|x64.Build.0 = Release|x64
		{731BAC37-7EF7-4115-8F3C-FA90A4502F3E}.Release|x86.ActiveCfg = Release|Win32
		{731BAC37-7EF7-4115-8F3C-FA90A4502F3E}.Release|x86.Build.0 = Release|Win32
		{A7753FCC-8FCA-4875-87E4-E455A9BB254C}.Debug|x64.ActiveCfg = Debug|x64
		{A7753FCC-8FCA-4875-87E4-E455A9BB254C}.Debug|x64.Build.0 = Debug|x64
		{A7753FCC-8FCA-4875-87E4-E455A9BB254C}.Debug|x86.ActiveCfg = Debug|Win32
		{A7753FCC-8FCA-4875-87E4-E455A9BB254C}.Debug|x86.Build.0 = Debug|Win32
		{A7753FCC-8FCA-4875-87E4-E455A9BB254C}.Release|x64.ActiveCfg = Release|x64
		{A7753FCC-8FCA-4875-87E4-E455A9BB254C}.Release|x64.Build.0 = Release|x64
		{A7753FCC-8FCA-4875-87E4-E455A9BB254C}.Release|x86.ActiveCfg = Release|Win32
		{A7753FCC-8FCA-4875-87E4-E455A9BB254C}.Release|x86.Build.0 = Release|Win32
		{07ED65AD-990B-4A07-88E0-FE83307F1C43}.Debug|x64.ActiveCfg = Debug|x64
		{07ED65AD-990B-4A07-88E0-FE83307F1C43}.Debug|x64.Build.0 = Debug|x64
		{07ED65AD-990B-4A07-88E0-FE83307F1C43}.Debug|x86.ActiveCfg = Debug|Win32
		{07ED65AD-990B-4A07-88E0-FE83307F1C43}.Debug|x86.Build.0 = Debug|Win32
		{07ED65AD-990B-4A07-88E0-FE83307F1C43}.Release|x64.ActiveCfg = Release|x64
		{07ED65AD-990B-4A07-88E0-FE83307F1C43}.Release|x64.Build.0 = Release|x64
		{07ED65AD-990B-4A07-88E0-FE83307F1C43}.Release|x86.ActiveCfg = Release|Win32
		{07ED65AD-990B-4A07-88E0-FE83307F1C43}.Release|x86.Build.0 = Release|Win32
		{19821E46-EF28-4274-9F72-027D60D04428}.Debug|x64.ActiveCfg = Debug|x64
		{19821E46-EF28-4274-9F72-027D60D04428}.Debug|x64.Build.0 = Debug|x64
		{19821E46-EF28-4274-9F72-027D60D04428}.Debug|x86.ActiveCfg = Debug|Win32
		{19821E46-EF28-4274-9F72-027D60D04428}.Debug|x86.Build.0 = Debug|Win32
		{19821E46-EF28-4274-9F72-027D60D04428}.Release|x64.ActiveCfg = Release|x64
		{19821E46-EF28-4274-9F72-027D60D04428}.Release|x64.Build.0 = Release|x64
		{19821E46-EF28-4274-9F72-027D60D04428}.Release|x86.ActiveCfg = Release|Win32
		{19821E46-EF28-4274-9F72-027D60D04428}.Release|x86.Build.0 = Release|Win32
	EndGlobalSection
	GlobalSection(SolutionProperties) = preSolution
		HideSolutionNode = FALSE
	EndGlobalSection
	GlobalSection(ExtensibilityGlobals) = postSolution
		SolutionGuid = {FA57B873-677A-498F-8D1E-FEADBB9D8813}
	EndGlobalSection
EndGlobal
